// !$*UTF8*$!
{
	archiveVersion = 1;
	classes = {
	};
	objectVersion = 46;
	objects = {

/* Begin PBXBuildFile section */
		10DE6DFB0C849181879F6A4F /* Pods_SearchBuddy.framework in Frameworks */ = {isa = PBXBuildFile; fileRef = 785A7800B65145638DDC654A /* Pods_SearchBuddy.framework */; settings = {ATTRIBUTES = (Weak, ); }; };
		19229D1F1BBDA55600143F81 /* AppDelegate.swift in Sources */ = {isa = PBXBuildFile; fileRef = 19229D1E1BBDA55600143F81 /* AppDelegate.swift */; };
		19229D211BBDA55600143F81 /* ViewController.swift in Sources */ = {isa = PBXBuildFile; fileRef = 19229D201BBDA55600143F81 /* ViewController.swift */; };
		19229D261BBDA55600143F81 /* Assets.xcassets in Resources */ = {isa = PBXBuildFile; fileRef = 19229D251BBDA55600143F81 /* Assets.xcassets */; };
		19229D291BBDA55600143F81 /* LaunchScreen.storyboard in Resources */ = {isa = PBXBuildFile; fileRef = 19229D271BBDA55600143F81 /* LaunchScreen.storyboard */; };
		19229D341BBDA55600143F81 /* SearchBuddyTests.swift in Sources */ = {isa = PBXBuildFile; fileRef = 19229D331BBDA55600143F81 /* SearchBuddyTests.swift */; };
		19229D3F1BBDA55600143F81 /* SearchBuddyUITests.swift in Sources */ = {isa = PBXBuildFile; fileRef = 19229D3E1BBDA55600143F81 /* SearchBuddyUITests.swift */; };
		19229D531BBDA60B00143F81 /* Map.storyboard in Resources */ = {isa = PBXBuildFile; fileRef = 19229D521BBDA60B00143F81 /* Map.storyboard */; settings = {ASSET_TAGS = (); }; };
		19229D551BBDA66100143F81 /* MapVC.swift in Sources */ = {isa = PBXBuildFile; fileRef = 19229D541BBDA66100143F81 /* MapVC.swift */; settings = {ASSET_TAGS = (); }; };
		19229D5E1BBDC6D900143F81 /* Annotation.swift in Sources */ = {isa = PBXBuildFile; fileRef = 19229D5D1BBDC6D900143F81 /* Annotation.swift */; settings = {ASSET_TAGS = (); }; };
		19229D601BBF024400143F81 /* Main.storyboard in Resources */ = {isa = PBXBuildFile; fileRef = 19229D5F1BBF024400143F81 /* Main.storyboard */; settings = {ASSET_TAGS = (); }; };
		19229D621BBF02A300143F81 /* MainTabBarVC.swift in Sources */ = {isa = PBXBuildFile; fileRef = 19229D611BBF02A300143F81 /* MainTabBarVC.swift */; settings = {ASSET_TAGS = (); }; };
		19229D651BBF085D00143F81 /* Perfil.storyboard in Resources */ = {isa = PBXBuildFile; fileRef = 19229D641BBF085D00143F81 /* Perfil.storyboard */; settings = {ASSET_TAGS = (); }; };
		4160C95D1BBEECB100D837C2 /* StatusAnimalDAO.swift in Sources */ = {isa = PBXBuildFile; fileRef = 4160C95C1BBEECB100D837C2 /* StatusAnimalDAO.swift */; settings = {ASSET_TAGS = (); }; };
		4160C95F1BBEECD700D837C2 /* UserDAO.swift in Sources */ = {isa = PBXBuildFile; fileRef = 4160C95E1BBEECD700D837C2 /* UserDAO.swift */; settings = {ASSET_TAGS = (); }; };
		4160C9611BBEECE100D837C2 /* AnimalDAO.swift in Sources */ = {isa = PBXBuildFile; fileRef = 4160C9601BBEECE100D837C2 /* AnimalDAO.swift */; settings = {ASSET_TAGS = (); }; };
		4160C9631BBEECEA00D837C2 /* TypeAnimalDAO.swift in Sources */ = {isa = PBXBuildFile; fileRef = 4160C9621BBEECEA00D837C2 /* TypeAnimalDAO.swift */; settings = {ASSET_TAGS = (); }; };
		417CA5361BBEC55900C37AF1 /* SBDAO.swift in Sources */ = {isa = PBXBuildFile; fileRef = 417CA5351BBEC55900C37AF1 /* SBDAO.swift */; settings = {ASSET_TAGS = (); }; };
		417CA5381BBEC62400C37AF1 /* StatusAnimal.swift in Sources */ = {isa = PBXBuildFile; fileRef = 417CA5371BBEC62400C37AF1 /* StatusAnimal.swift */; settings = {ASSET_TAGS = (); }; };
		417CA53A1BBECA5900C37AF1 /* TypeAnimal.swift in Sources */ = {isa = PBXBuildFile; fileRef = 417CA5391BBECA5900C37AF1 /* TypeAnimal.swift */; settings = {ASSET_TAGS = (); }; };
		417CA53C1BBECD3100C37AF1 /* Animal.swift in Sources */ = {isa = PBXBuildFile; fileRef = 417CA53B1BBECD3100C37AF1 /* Animal.swift */; settings = {ASSET_TAGS = (); }; };
		417CA53E1BBED18E00C37AF1 /* User.swift in Sources */ = {isa = PBXBuildFile; fileRef = 417CA53D1BBED18E00C37AF1 /* User.swift */; settings = {ASSET_TAGS = (); }; };
		BB66764F1BBF0DDA00F3D7F9 /* Feed.storyboard in Resources */ = {isa = PBXBuildFile; fileRef = BB66764E1BBF0DDA00F3D7F9 /* Feed.storyboard */; settings = {ASSET_TAGS = (); }; };
		BFEF11C5C77A58C39961175C /* Pods_SearchBuddyTests.framework in Frameworks */ = {isa = PBXBuildFile; fileRef = 3090F107B224336BDFA0C548 /* Pods_SearchBuddyTests.framework */; settings = {ATTRIBUTES = (Weak, ); }; };
/* End PBXBuildFile section */

/* Begin PBXContainerItemProxy section */
		19229D301BBDA55600143F81 /* PBXContainerItemProxy */ = {
			isa = PBXContainerItemProxy;
			containerPortal = 19229D131BBDA55600143F81 /* Project object */;
			proxyType = 1;
			remoteGlobalIDString = 19229D1A1BBDA55600143F81;
			remoteInfo = SearchBuddy;
		};
		19229D3B1BBDA55600143F81 /* PBXContainerItemProxy */ = {
			isa = PBXContainerItemProxy;
			containerPortal = 19229D131BBDA55600143F81 /* Project object */;
			proxyType = 1;
			remoteGlobalIDString = 19229D1A1BBDA55600143F81;
			remoteInfo = SearchBuddy;
		};
/* End PBXContainerItemProxy section */

/* Begin PBXFileReference section */
		19229D1B1BBDA55600143F81 /* SearchBuddy.app */ = {isa = PBXFileReference; explicitFileType = wrapper.application; includeInIndex = 0; path = SearchBuddy.app; sourceTree = BUILT_PRODUCTS_DIR; };
		19229D1E1BBDA55600143F81 /* AppDelegate.swift */ = {isa = PBXFileReference; lastKnownFileType = sourcecode.swift; path = AppDelegate.swift; sourceTree = "<group>"; };
		19229D201BBDA55600143F81 /* ViewController.swift */ = {isa = PBXFileReference; lastKnownFileType = sourcecode.swift; path = ViewController.swift; sourceTree = "<group>"; };
		19229D251BBDA55600143F81 /* Assets.xcassets */ = {isa = PBXFileReference; lastKnownFileType = folder.assetcatalog; path = Assets.xcassets; sourceTree = "<group>"; };
		19229D281BBDA55600143F81 /* Base */ = {isa = PBXFileReference; lastKnownFileType = file.storyboard; name = Base; path = Base.lproj/LaunchScreen.storyboard; sourceTree = "<group>"; };
		19229D2A1BBDA55600143F81 /* Info.plist */ = {isa = PBXFileReference; lastKnownFileType = text.plist.xml; path = Info.plist; sourceTree = "<group>"; };
		19229D2F1BBDA55600143F81 /* SearchBuddyTests.xctest */ = {isa = PBXFileReference; explicitFileType = wrapper.cfbundle; includeInIndex = 0; path = SearchBuddyTests.xctest; sourceTree = BUILT_PRODUCTS_DIR; };
		19229D331BBDA55600143F81 /* SearchBuddyTests.swift */ = {isa = PBXFileReference; lastKnownFileType = sourcecode.swift; path = SearchBuddyTests.swift; sourceTree = "<group>"; };
		19229D351BBDA55600143F81 /* Info.plist */ = {isa = PBXFileReference; lastKnownFileType = text.plist.xml; path = Info.plist; sourceTree = "<group>"; };
		19229D3A1BBDA55600143F81 /* SearchBuddyUITests.xctest */ = {isa = PBXFileReference; explicitFileType = wrapper.cfbundle; includeInIndex = 0; path = SearchBuddyUITests.xctest; sourceTree = BUILT_PRODUCTS_DIR; };
		19229D3E1BBDA55600143F81 /* SearchBuddyUITests.swift */ = {isa = PBXFileReference; lastKnownFileType = sourcecode.swift; path = SearchBuddyUITests.swift; sourceTree = "<group>"; };
		19229D401BBDA55600143F81 /* Info.plist */ = {isa = PBXFileReference; lastKnownFileType = text.plist.xml; path = Info.plist; sourceTree = "<group>"; };
		19229D521BBDA60B00143F81 /* Map.storyboard */ = {isa = PBXFileReference; fileEncoding = 4; lastKnownFileType = file.storyboard; path = Map.storyboard; sourceTree = "<group>"; };
		19229D541BBDA66100143F81 /* MapVC.swift */ = {isa = PBXFileReference; fileEncoding = 4; lastKnownFileType = sourcecode.swift; path = MapVC.swift; sourceTree = "<group>"; };
		19229D5D1BBDC6D900143F81 /* Annotation.swift */ = {isa = PBXFileReference; fileEncoding = 4; lastKnownFileType = sourcecode.swift; path = Annotation.swift; sourceTree = "<group>"; };
		19229D5F1BBF024400143F81 /* Main.storyboard */ = {isa = PBXFileReference; fileEncoding = 4; lastKnownFileType = file.storyboard; path = Main.storyboard; sourceTree = "<group>"; };
		19229D611BBF02A300143F81 /* MainTabBarVC.swift */ = {isa = PBXFileReference; fileEncoding = 4; lastKnownFileType = sourcecode.swift; path = MainTabBarVC.swift; sourceTree = "<group>"; };
		19229D641BBF085D00143F81 /* Perfil.storyboard */ = {isa = PBXFileReference; fileEncoding = 4; lastKnownFileType = file.storyboard; path = Perfil.storyboard; sourceTree = "<group>"; };
		3090F107B224336BDFA0C548 /* Pods_SearchBuddyTests.framework */ = {isa = PBXFileReference; explicitFileType = wrapper.framework; includeInIndex = 0; path = Pods_SearchBuddyTests.framework; sourceTree = BUILT_PRODUCTS_DIR; };
		4160C95C1BBEECB100D837C2 /* StatusAnimalDAO.swift */ = {isa = PBXFileReference; fileEncoding = 4; lastKnownFileType = sourcecode.swift; path = StatusAnimalDAO.swift; sourceTree = "<group>"; };
		4160C95E1BBEECD700D837C2 /* UserDAO.swift */ = {isa = PBXFileReference; fileEncoding = 4; lastKnownFileType = sourcecode.swift; path = UserDAO.swift; sourceTree = "<group>"; };
		4160C9601BBEECE100D837C2 /* AnimalDAO.swift */ = {isa = PBXFileReference; fileEncoding = 4; lastKnownFileType = sourcecode.swift; path = AnimalDAO.swift; sourceTree = "<group>"; };
		4160C9621BBEECEA00D837C2 /* TypeAnimalDAO.swift */ = {isa = PBXFileReference; fileEncoding = 4; lastKnownFileType = sourcecode.swift; path = TypeAnimalDAO.swift; sourceTree = "<group>"; };
		417CA5351BBEC55900C37AF1 /* SBDAO.swift */ = {isa = PBXFileReference; fileEncoding = 4; lastKnownFileType = sourcecode.swift; path = SBDAO.swift; sourceTree = "<group>"; };
		417CA5371BBEC62400C37AF1 /* StatusAnimal.swift */ = {isa = PBXFileReference; fileEncoding = 4; lastKnownFileType = sourcecode.swift; path = StatusAnimal.swift; sourceTree = "<group>"; };
		417CA5391BBECA5900C37AF1 /* TypeAnimal.swift */ = {isa = PBXFileReference; fileEncoding = 4; lastKnownFileType = sourcecode.swift; path = TypeAnimal.swift; sourceTree = "<group>"; };
		417CA53B1BBECD3100C37AF1 /* Animal.swift */ = {isa = PBXFileReference; fileEncoding = 4; lastKnownFileType = sourcecode.swift; path = Animal.swift; sourceTree = "<group>"; };
		417CA53D1BBED18E00C37AF1 /* User.swift */ = {isa = PBXFileReference; fileEncoding = 4; lastKnownFileType = sourcecode.swift; path = User.swift; sourceTree = "<group>"; };
		431F059C386E18A89FCF4BCE /* Pods-SearchBuddy.debug.xcconfig */ = {isa = PBXFileReference; includeInIndex = 1; lastKnownFileType = text.xcconfig; name = "Pods-SearchBuddy.debug.xcconfig"; path = "Pods/Target Support Files/Pods-SearchBuddy/Pods-SearchBuddy.debug.xcconfig"; sourceTree = "<group>"; };
		785A7800B65145638DDC654A /* Pods_SearchBuddy.framework */ = {isa = PBXFileReference; explicitFileType = wrapper.framework; includeInIndex = 0; path = Pods_SearchBuddy.framework; sourceTree = BUILT_PRODUCTS_DIR; };
		BB66764E1BBF0DDA00F3D7F9 /* Feed.storyboard */ = {isa = PBXFileReference; fileEncoding = 4; lastKnownFileType = file.storyboard; path = Feed.storyboard; sourceTree = "<group>"; };
		D01E436DB98E83578F0B791A /* Pods-SearchBuddy.release.xcconfig */ = {isa = PBXFileReference; includeInIndex = 1; lastKnownFileType = text.xcconfig; name = "Pods-SearchBuddy.release.xcconfig"; path = "Pods/Target Support Files/Pods-SearchBuddy/Pods-SearchBuddy.release.xcconfig"; sourceTree = "<group>"; };
		DE0AFD3261A2F89A3B283297 /* Pods-SearchBuddyTests.release.xcconfig */ = {isa = PBXFileReference; includeInIndex = 1; lastKnownFileType = text.xcconfig; name = "Pods-SearchBuddyTests.release.xcconfig"; path = "Pods/Target Support Files/Pods-SearchBuddyTests/Pods-SearchBuddyTests.release.xcconfig"; sourceTree = "<group>"; };
		FE331FD5FF735885DA5E804D /* Pods-SearchBuddyTests.debug.xcconfig */ = {isa = PBXFileReference; includeInIndex = 1; lastKnownFileType = text.xcconfig; name = "Pods-SearchBuddyTests.debug.xcconfig"; path = "Pods/Target Support Files/Pods-SearchBuddyTests/Pods-SearchBuddyTests.debug.xcconfig"; sourceTree = "<group>"; };
/* End PBXFileReference section */

/* Begin PBXFrameworksBuildPhase section */
		19229D181BBDA55600143F81 /* Frameworks */ = {
			isa = PBXFrameworksBuildPhase;
			buildActionMask = 2147483647;
			files = (
				10DE6DFB0C849181879F6A4F /* Pods_SearchBuddy.framework in Frameworks */,
			);
			runOnlyForDeploymentPostprocessing = 0;
		};
		19229D2C1BBDA55600143F81 /* Frameworks */ = {
			isa = PBXFrameworksBuildPhase;
			buildActionMask = 2147483647;
			files = (
				BFEF11C5C77A58C39961175C /* Pods_SearchBuddyTests.framework in Frameworks */,
			);
			runOnlyForDeploymentPostprocessing = 0;
		};
		19229D371BBDA55600143F81 /* Frameworks */ = {
			isa = PBXFrameworksBuildPhase;
			buildActionMask = 2147483647;
			files = (
			);
			runOnlyForDeploymentPostprocessing = 0;
		};
/* End PBXFrameworksBuildPhase section */

/* Begin PBXGroup section */
		16B697D97C1838548271955D /* Frameworks */ = {
			isa = PBXGroup;
			children = (
				785A7800B65145638DDC654A /* Pods_SearchBuddy.framework */,
				3090F107B224336BDFA0C548 /* Pods_SearchBuddyTests.framework */,
			);
			name = Frameworks;
			sourceTree = "<group>";
		};
		19229D121BBDA55600143F81 = {
			isa = PBXGroup;
			children = (
				19229D1D1BBDA55600143F81 /* SearchBuddy */,
				19229D321BBDA55600143F81 /* SearchBuddyTests */,
				19229D3D1BBDA55600143F81 /* SearchBuddyUITests */,
				19229D1C1BBDA55600143F81 /* Products */,
				49AD96A407B270585DBCBF75 /* Pods */,
				16B697D97C1838548271955D /* Frameworks */,
			);
			sourceTree = "<group>";
		};
		19229D1C1BBDA55600143F81 /* Products */ = {
			isa = PBXGroup;
			children = (
				19229D1B1BBDA55600143F81 /* SearchBuddy.app */,
				19229D2F1BBDA55600143F81 /* SearchBuddyTests.xctest */,
				19229D3A1BBDA55600143F81 /* SearchBuddyUITests.xctest */,
			);
			name = Products;
			sourceTree = "<group>";
		};
		19229D1D1BBDA55600143F81 /* SearchBuddy */ = {
			isa = PBXGroup;
			children = (
				19EAA0BC1BC84B3B0091DB47 /* MKCircle */,
				19229D561BBDC53600143F81 /* Annotation */,
				19229D511BBDA5F500143F81 /* StoryBoard */,
				19229D4F1BBDA59C00143F81 /* CRUD */,
				19229D4E1BBDA56D00143F81 /* DAO */,
				19229D4D1BBDA56900143F81 /* Model */,
				19229D4C1BBDA56300143F81 /* Controllers */,
				19229D1E1BBDA55600143F81 /* AppDelegate.swift */,
				19229D201BBDA55600143F81 /* ViewController.swift */,
				19229D251BBDA55600143F81 /* Assets.xcassets */,
				19229D271BBDA55600143F81 /* LaunchScreen.storyboard */,
				19229D2A1BBDA55600143F81 /* Info.plist */,
			);
			path = SearchBuddy;
			sourceTree = "<group>";
		};
		19229D321BBDA55600143F81 /* SearchBuddyTests */ = {
			isa = PBXGroup;
			children = (
				19229D331BBDA55600143F81 /* SearchBuddyTests.swift */,
				19229D351BBDA55600143F81 /* Info.plist */,
			);
			path = SearchBuddyTests;
			sourceTree = "<group>";
		};
		19229D3D1BBDA55600143F81 /* SearchBuddyUITests */ = {
			isa = PBXGroup;
			children = (
				19229D3E1BBDA55600143F81 /* SearchBuddyUITests.swift */,
				19229D401BBDA55600143F81 /* Info.plist */,
			);
			path = SearchBuddyUITests;
			sourceTree = "<group>";
		};
		19229D4C1BBDA56300143F81 /* Controllers */ = {
			isa = PBXGroup;
			children = (
				19229D541BBDA66100143F81 /* MapVC.swift */,
				19229D611BBF02A300143F81 /* MainTabBarVC.swift */,
			);
			name = Controllers;
			sourceTree = "<group>";
		};
		19229D4D1BBDA56900143F81 /* Model */ = {
			isa = PBXGroup;
			children = (
				417CA5371BBEC62400C37AF1 /* StatusAnimal.swift */,
				417CA5391BBECA5900C37AF1 /* TypeAnimal.swift */,
				417CA53B1BBECD3100C37AF1 /* Animal.swift */,
				417CA53D1BBED18E00C37AF1 /* User.swift */,
			);
			name = Model;
			sourceTree = "<group>";
		};
		19229D4E1BBDA56D00143F81 /* DAO */ = {
			isa = PBXGroup;
			children = (
				417CA5351BBEC55900C37AF1 /* SBDAO.swift */,
				4160C95C1BBEECB100D837C2 /* StatusAnimalDAO.swift */,
				4160C95E1BBEECD700D837C2 /* UserDAO.swift */,
				4160C9601BBEECE100D837C2 /* AnimalDAO.swift */,
				4160C9621BBEECEA00D837C2 /* TypeAnimalDAO.swift */,
			);
			name = DAO;
			sourceTree = "<group>";
		};
		19229D4F1BBDA59C00143F81 /* CRUD */ = {
			isa = PBXGroup;
			children = (
			);
			name = CRUD;
			sourceTree = "<group>";
		};
		19229D511BBDA5F500143F81 /* StoryBoard */ = {
			isa = PBXGroup;
			children = (
				19229D521BBDA60B00143F81 /* Map.storyboard */,
				19229D5F1BBF024400143F81 /* Main.storyboard */,
				19229D641BBF085D00143F81 /* Perfil.storyboard */,
				BB66764E1BBF0DDA00F3D7F9 /* Feed.storyboard */,
			);
			name = StoryBoard;
			sourceTree = "<group>";
		};
		19229D561BBDC53600143F81 /* Annotation */ = {
			isa = PBXGroup;
			children = (
				19229D5D1BBDC6D900143F81 /* Annotation.swift */,
			);
			name = Annotation;
			sourceTree = "<group>";
		};
		19EAA0BC1BC84B3B0091DB47 /* MKCircle */ = {
			isa = PBXGroup;
			children = (
			);
			name = MKCircle;
			sourceTree = "<group>";
		};
		49AD96A407B270585DBCBF75 /* Pods */ = {
			isa = PBXGroup;
			children = (
				431F059C386E18A89FCF4BCE /* Pods-SearchBuddy.debug.xcconfig */,
				D01E436DB98E83578F0B791A /* Pods-SearchBuddy.release.xcconfig */,
				FE331FD5FF735885DA5E804D /* Pods-SearchBuddyTests.debug.xcconfig */,
				DE0AFD3261A2F89A3B283297 /* Pods-SearchBuddyTests.release.xcconfig */,
			);
			name = Pods;
			sourceTree = "<group>";
		};
/* End PBXGroup section */

/* Begin PBXNativeTarget section */
		19229D1A1BBDA55600143F81 /* SearchBuddy */ = {
			isa = PBXNativeTarget;
			buildConfigurationList = 19229D431BBDA55600143F81 /* Build configuration list for PBXNativeTarget "SearchBuddy" */;
			buildPhases = (
				125AD13104BC94E5F307D4FA /* Check Pods Manifest.lock */,
				19229D171BBDA55600143F81 /* Sources */,
				19229D181BBDA55600143F81 /* Frameworks */,
				19229D191BBDA55600143F81 /* Resources */,
				3CBB0D222C0B1B4A67978D0A /* Embed Pods Frameworks */,
				2B4B552D553DDAC494E07BDA /* Copy Pods Resources */,
			);
			buildRules = (
			);
			dependencies = (
			);
			name = SearchBuddy;
			productName = SearchBuddy;
			productReference = 19229D1B1BBDA55600143F81 /* SearchBuddy.app */;
			productType = "com.apple.product-type.application";
		};
		19229D2E1BBDA55600143F81 /* SearchBuddyTests */ = {
			isa = PBXNativeTarget;
			buildConfigurationList = 19229D461BBDA55600143F81 /* Build configuration list for PBXNativeTarget "SearchBuddyTests" */;
			buildPhases = (
				2C6034C1940CFF38D917C0D7 /* Check Pods Manifest.lock */,
				19229D2B1BBDA55600143F81 /* Sources */,
				19229D2C1BBDA55600143F81 /* Frameworks */,
				19229D2D1BBDA55600143F81 /* Resources */,
				F7FBA59526020C6BD5DDB6B2 /* Embed Pods Frameworks */,
				83AA727D4DE54C6C5B926075 /* Copy Pods Resources */,
			);
			buildRules = (
			);
			dependencies = (
				19229D311BBDA55600143F81 /* PBXTargetDependency */,
			);
			name = SearchBuddyTests;
			productName = SearchBuddyTests;
			productReference = 19229D2F1BBDA55600143F81 /* SearchBuddyTests.xctest */;
			productType = "com.apple.product-type.bundle.unit-test";
		};
		19229D391BBDA55600143F81 /* SearchBuddyUITests */ = {
			isa = PBXNativeTarget;
			buildConfigurationList = 19229D491BBDA55600143F81 /* Build configuration list for PBXNativeTarget "SearchBuddyUITests" */;
			buildPhases = (
				19229D361BBDA55600143F81 /* Sources */,
				19229D371BBDA55600143F81 /* Frameworks */,
				19229D381BBDA55600143F81 /* Resources */,
			);
			buildRules = (
			);
			dependencies = (
				19229D3C1BBDA55600143F81 /* PBXTargetDependency */,
			);
			name = SearchBuddyUITests;
			productName = SearchBuddyUITests;
			productReference = 19229D3A1BBDA55600143F81 /* SearchBuddyUITests.xctest */;
			productType = "com.apple.product-type.bundle.ui-testing";
		};
/* End PBXNativeTarget section */

/* Begin PBXProject section */
		19229D131BBDA55600143F81 /* Project object */ = {
			isa = PBXProject;
			attributes = {
				LastUpgradeCheck = 0700;
				ORGANIZATIONNAME = "Gustavo Henrique";
				TargetAttributes = {
					19229D1A1BBDA55600143F81 = {
						CreatedOnToolsVersion = 7.0;
					};
					19229D2E1BBDA55600143F81 = {
						CreatedOnToolsVersion = 7.0;
						TestTargetID = 19229D1A1BBDA55600143F81;
					};
					19229D391BBDA55600143F81 = {
						CreatedOnToolsVersion = 7.0;
						TestTargetID = 19229D1A1BBDA55600143F81;
					};
				};
			};
			buildConfigurationList = 19229D161BBDA55600143F81 /* Build configuration list for PBXProject "SearchBuddy" */;
			compatibilityVersion = "Xcode 3.2";
			developmentRegion = English;
			hasScannedForEncodings = 0;
			knownRegions = (
				en,
				Base,
			);
			mainGroup = 19229D121BBDA55600143F81;
			productRefGroup = 19229D1C1BBDA55600143F81 /* Products */;
			projectDirPath = "";
			projectRoot = "";
			targets = (
				19229D1A1BBDA55600143F81 /* SearchBuddy */,
				19229D2E1BBDA55600143F81 /* SearchBuddyTests */,
				19229D391BBDA55600143F81 /* SearchBuddyUITests */,
			);
		};
/* End PBXProject section */

/* Begin PBXResourcesBuildPhase section */
		19229D191BBDA55600143F81 /* Resources */ = {
			isa = PBXResourcesBuildPhase;
			buildActionMask = 2147483647;
			files = (
				19229D531BBDA60B00143F81 /* Map.storyboard in Resources */,
				19229D291BBDA55600143F81 /* LaunchScreen.storyboard in Resources */,
				BB66764F1BBF0DDA00F3D7F9 /* Feed.storyboard in Resources */,
				19229D651BBF085D00143F81 /* Perfil.storyboard in Resources */,
				19229D261BBDA55600143F81 /* Assets.xcassets in Resources */,
				19229D601BBF024400143F81 /* Main.storyboard in Resources */,
			);
			runOnlyForDeploymentPostprocessing = 0;
		};
		19229D2D1BBDA55600143F81 /* Resources */ = {
			isa = PBXResourcesBuildPhase;
			buildActionMask = 2147483647;
			files = (
			);
			runOnlyForDeploymentPostprocessing = 0;
		};
		19229D381BBDA55600143F81 /* Resources */ = {
			isa = PBXResourcesBuildPhase;
			buildActionMask = 2147483647;
			files = (
			);
			runOnlyForDeploymentPostprocessing = 0;
		};
/* End PBXResourcesBuildPhase section */

/* Begin PBXShellScriptBuildPhase section */
		125AD13104BC94E5F307D4FA /* Check Pods Manifest.lock */ = {
			isa = PBXShellScriptBuildPhase;
			buildActionMask = 2147483647;
			files = (
			);
			inputPaths = (
			);
			name = "Check Pods Manifest.lock";
			outputPaths = (
			);
			runOnlyForDeploymentPostprocessing = 0;
			shellPath = /bin/sh;
			shellScript = "diff \"${PODS_ROOT}/../Podfile.lock\" \"${PODS_ROOT}/Manifest.lock\" > /dev/null\nif [[ $? != 0 ]] ; then\n    cat << EOM\nerror: The sandbox is not in sync with the Podfile.lock. Run 'pod install' or update your CocoaPods installation.\nEOM\n    exit 1\nfi\n";
			showEnvVarsInLog = 0;
		};
		2B4B552D553DDAC494E07BDA /* Copy Pods Resources */ = {
			isa = PBXShellScriptBuildPhase;
			buildActionMask = 2147483647;
			files = (
			);
			inputPaths = (
			);
			name = "Copy Pods Resources";
			outputPaths = (
			);
			runOnlyForDeploymentPostprocessing = 0;
			shellPath = /bin/sh;
			shellScript = "\"${SRCROOT}/Pods/Target Support Files/Pods-SearchBuddy/Pods-SearchBuddy-resources.sh\"\n";
			showEnvVarsInLog = 0;
		};
		2C6034C1940CFF38D917C0D7 /* Check Pods Manifest.lock */ = {
			isa = PBXShellScriptBuildPhase;
			buildActionMask = 2147483647;
			files = (
			);
			inputPaths = (
			);
			name = "Check Pods Manifest.lock";
			outputPaths = (
			);
			runOnlyForDeploymentPostprocessing = 0;
			shellPath = /bin/sh;
			shellScript = "diff \"${PODS_ROOT}/../Podfile.lock\" \"${PODS_ROOT}/Manifest.lock\" > /dev/null\nif [[ $? != 0 ]] ; then\n    cat << EOM\nerror: The sandbox is not in sync with the Podfile.lock. Run 'pod install' or update your CocoaPods installation.\nEOM\n    exit 1\nfi\n";
			showEnvVarsInLog = 0;
		};
		3CBB0D222C0B1B4A67978D0A /* Embed Pods Frameworks */ = {
			isa = PBXShellScriptBuildPhase;
			buildActionMask = 2147483647;
			files = (
			);
			inputPaths = (
			);
			name = "Embed Pods Frameworks";
			outputPaths = (
			);
			runOnlyForDeploymentPostprocessing = 0;
			shellPath = /bin/sh;
			shellScript = "\"${SRCROOT}/Pods/Target Support Files/Pods-SearchBuddy/Pods-SearchBuddy-frameworks.sh\"\n";
			showEnvVarsInLog = 0;
		};
		83AA727D4DE54C6C5B926075 /* Copy Pods Resources */ = {
			isa = PBXShellScriptBuildPhase;
			buildActionMask = 2147483647;
			files = (
			);
			inputPaths = (
			);
			name = "Copy Pods Resources";
			outputPaths = (
			);
			runOnlyForDeploymentPostprocessing = 0;
			shellPath = /bin/sh;
			shellScript = "\"${SRCROOT}/Pods/Target Support Files/Pods-SearchBuddyTests/Pods-SearchBuddyTests-resources.sh\"\n";
			showEnvVarsInLog = 0;
		};
		F7FBA59526020C6BD5DDB6B2 /* Embed Pods Frameworks */ = {
			isa = PBXShellScriptBuildPhase;
			buildActionMask = 2147483647;
			files = (
			);
			inputPaths = (
			);
			name = "Embed Pods Frameworks";
			outputPaths = (
			);
			runOnlyForDeploymentPostprocessing = 0;
			shellPath = /bin/sh;
			shellScript = "\"${SRCROOT}/Pods/Target Support Files/Pods-SearchBuddyTests/Pods-SearchBuddyTests-frameworks.sh\"\n";
			showEnvVarsInLog = 0;
		};
/* End PBXShellScriptBuildPhase section */

/* Begin PBXSourcesBuildPhase section */
		19229D171BBDA55600143F81 /* Sources */ = {
			isa = PBXSourcesBuildPhase;
			buildActionMask = 2147483647;
			files = (
				19229D211BBDA55600143F81 /* ViewController.swift in Sources */,
				417CA53C1BBECD3100C37AF1 /* Animal.swift in Sources */,
				19229D551BBDA66100143F81 /* MapVC.swift in Sources */,
				19229D5E1BBDC6D900143F81 /* Annotation.swift in Sources */,
				417CA5381BBEC62400C37AF1 /* StatusAnimal.swift in Sources */,
				417CA53E1BBED18E00C37AF1 /* User.swift in Sources */,
				4160C95D1BBEECB100D837C2 /* StatusAnimalDAO.swift in Sources */,
				417CA5361BBEC55900C37AF1 /* SBDAO.swift in Sources */,
				4160C9631BBEECEA00D837C2 /* TypeAnimalDAO.swift in Sources */,
				4160C9611BBEECE100D837C2 /* AnimalDAO.swift in Sources */,
				4160C95F1BBEECD700D837C2 /* UserDAO.swift in Sources */,
				19229D621BBF02A300143F81 /* MainTabBarVC.swift in Sources */,
				19229D1F1BBDA55600143F81 /* AppDelegate.swift in Sources */,
				417CA53A1BBECA5900C37AF1 /* TypeAnimal.swift in Sources */,
			);
			runOnlyForDeploymentPostprocessing = 0;
		};
		19229D2B1BBDA55600143F81 /* Sources */ = {
			isa = PBXSourcesBuildPhase;
			buildActionMask = 2147483647;
			files = (
				19229D341BBDA55600143F81 /* SearchBuddyTests.swift in Sources */,
			);
			runOnlyForDeploymentPostprocessing = 0;
		};
		19229D361BBDA55600143F81 /* Sources */ = {
			isa = PBXSourcesBuildPhase;
			buildActionMask = 2147483647;
			files = (
				19229D3F1BBDA55600143F81 /* SearchBuddyUITests.swift in Sources */,
			);
			runOnlyForDeploymentPostprocessing = 0;
		};
/* End PBXSourcesBuildPhase section */

/* Begin PBXTargetDependency section */
		19229D311BBDA55600143F81 /* PBXTargetDependency */ = {
			isa = PBXTargetDependency;
			target = 19229D1A1BBDA55600143F81 /* SearchBuddy */;
			targetProxy = 19229D301BBDA55600143F81 /* PBXContainerItemProxy */;
		};
		19229D3C1BBDA55600143F81 /* PBXTargetDependency */ = {
			isa = PBXTargetDependency;
			target = 19229D1A1BBDA55600143F81 /* SearchBuddy */;
			targetProxy = 19229D3B1BBDA55600143F81 /* PBXContainerItemProxy */;
		};
/* End PBXTargetDependency section */

/* Begin PBXVariantGroup section */
		19229D271BBDA55600143F81 /* LaunchScreen.storyboard */ = {
			isa = PBXVariantGroup;
			children = (
				19229D281BBDA55600143F81 /* Base */,
			);
			name = LaunchScreen.storyboard;
			sourceTree = "<group>";
		};
/* End PBXVariantGroup section */

/* Begin XCBuildConfiguration section */
		19229D411BBDA55600143F81 /* Debug */ = {
			isa = XCBuildConfiguration;
			buildSettings = {
				ALWAYS_SEARCH_USER_PATHS = NO;
				CLANG_CXX_LANGUAGE_STANDARD = "gnu++0x";
				CLANG_CXX_LIBRARY = "libc++";
				CLANG_ENABLE_MODULES = YES;
				CLANG_ENABLE_OBJC_ARC = YES;
				CLANG_WARN_BOOL_CONVERSION = YES;
				CLANG_WARN_CONSTANT_CONVERSION = YES;
				CLANG_WARN_DIRECT_OBJC_ISA_USAGE = YES_ERROR;
				CLANG_WARN_EMPTY_BODY = YES;
				CLANG_WARN_ENUM_CONVERSION = YES;
				CLANG_WARN_INT_CONVERSION = YES;
				CLANG_WARN_OBJC_ROOT_CLASS = YES_ERROR;
				CLANG_WARN_UNREACHABLE_CODE = YES;
				CLANG_WARN__DUPLICATE_METHOD_MATCH = YES;
				"CODE_SIGN_IDENTITY[sdk=iphoneos*]" = "iPhone Developer";
				COPY_PHASE_STRIP = NO;
				DEBUG_INFORMATION_FORMAT = dwarf;
				ENABLE_STRICT_OBJC_MSGSEND = YES;
				ENABLE_TESTABILITY = YES;
				GCC_C_LANGUAGE_STANDARD = gnu99;
				GCC_DYNAMIC_NO_PIC = NO;
				GCC_NO_COMMON_BLOCKS = YES;
				GCC_OPTIMIZATION_LEVEL = 0;
				GCC_PREPROCESSOR_DEFINITIONS = (
					"DEBUG=1",
					"$(inherited)",
				);
				GCC_WARN_64_TO_32_BIT_CONVERSION = YES;
				GCC_WARN_ABOUT_RETURN_TYPE = YES_ERROR;
				GCC_WARN_UNDECLARED_SELECTOR = YES;
				GCC_WARN_UNINITIALIZED_AUTOS = YES_AGGRESSIVE;
				GCC_WARN_UNUSED_FUNCTION = YES;
				GCC_WARN_UNUSED_VARIABLE = YES;
				IPHONEOS_DEPLOYMENT_TARGET = 9.0;
				MTL_ENABLE_DEBUG_INFO = YES;
				ONLY_ACTIVE_ARCH = YES;
				SDKROOT = iphoneos;
				SWIFT_OPTIMIZATION_LEVEL = "-Onone";
				TARGETED_DEVICE_FAMILY = "1,2";
			};
			name = Debug;
		};
		19229D421BBDA55600143F81 /* Release */ = {
			isa = XCBuildConfiguration;
			buildSettings = {
				ALWAYS_SEARCH_USER_PATHS = NO;
				CLANG_CXX_LANGUAGE_STANDARD = "gnu++0x";
				CLANG_CXX_LIBRARY = "libc++";
				CLANG_ENABLE_MODULES = YES;
				CLANG_ENABLE_OBJC_ARC = YES;
				CLANG_WARN_BOOL_CONVERSION = YES;
				CLANG_WARN_CONSTANT_CONVERSION = YES;
				CLANG_WARN_DIRECT_OBJC_ISA_USAGE = YES_ERROR;
				CLANG_WARN_EMPTY_BODY = YES;
				CLANG_WARN_ENUM_CONVERSION = YES;
				CLANG_WARN_INT_CONVERSION = YES;
				CLANG_WARN_OBJC_ROOT_CLASS = YES_ERROR;
				CLANG_WARN_UNREACHABLE_CODE = YES;
				CLANG_WARN__DUPLICATE_METHOD_MATCH = YES;
				"CODE_SIGN_IDENTITY[sdk=iphoneos*]" = "iPhone Developer";
				COPY_PHASE_STRIP = NO;
				DEBUG_INFORMATION_FORMAT = "dwarf-with-dsym";
				ENABLE_NS_ASSERTIONS = NO;
				ENABLE_STRICT_OBJC_MSGSEND = YES;
				GCC_C_LANGUAGE_STANDARD = gnu99;
				GCC_NO_COMMON_BLOCKS = YES;
				GCC_WARN_64_TO_32_BIT_CONVERSION = YES;
				GCC_WARN_ABOUT_RETURN_TYPE = YES_ERROR;
				GCC_WARN_UNDECLARED_SELECTOR = YES;
				GCC_WARN_UNINITIALIZED_AUTOS = YES_AGGRESSIVE;
				GCC_WARN_UNUSED_FUNCTION = YES;
				GCC_WARN_UNUSED_VARIABLE = YES;
				IPHONEOS_DEPLOYMENT_TARGET = 9.0;
				MTL_ENABLE_DEBUG_INFO = NO;
				SDKROOT = iphoneos;
				TARGETED_DEVICE_FAMILY = "1,2";
				VALIDATE_PRODUCT = YES;
			};
			name = Release;
		};
		19229D441BBDA55600143F81 /* Debug */ = {
			isa = XCBuildConfiguration;
			baseConfigurationReference = 431F059C386E18A89FCF4BCE /* Pods-SearchBuddy.debug.xcconfig */;
			buildSettings = {
				ASSETCATALOG_COMPILER_APPICON_NAME = AppIcon;
				INFOPLIST_FILE = SearchBuddy/Info.plist;
				LD_RUNPATH_SEARCH_PATHS = "$(inherited) @executable_path/Frameworks";
				PRODUCT_BUNDLE_IDENTIFIER = gh.SearchBuddy;
				PRODUCT_NAME = "$(TARGET_NAME)";
			};
			name = Debug;
		};
		19229D451BBDA55600143F81 /* Release */ = {
			isa = XCBuildConfiguration;
			baseConfigurationReference = D01E436DB98E83578F0B791A /* Pods-SearchBuddy.release.xcconfig */;
			buildSettings = {
				ASSETCATALOG_COMPILER_APPICON_NAME = AppIcon;
				INFOPLIST_FILE = SearchBuddy/Info.plist;
				LD_RUNPATH_SEARCH_PATHS = "$(inherited) @executable_path/Frameworks";
				PRODUCT_BUNDLE_IDENTIFIER = gh.SearchBuddy;
				PRODUCT_NAME = "$(TARGET_NAME)";
			};
			name = Release;
		};
		19229D471BBDA55600143F81 /* Debug */ = {
			isa = XCBuildConfiguration;
			baseConfigurationReference = FE331FD5FF735885DA5E804D /* Pods-SearchBuddyTests.debug.xcconfig */;
			buildSettings = {
				BUNDLE_LOADER = "$(TEST_HOST)";
				INFOPLIST_FILE = SearchBuddyTests/Info.plist;
				LD_RUNPATH_SEARCH_PATHS = "$(inherited) @executable_path/Frameworks @loader_path/Frameworks";
				PRODUCT_BUNDLE_IDENTIFIER = gh.SearchBuddyTests;
				PRODUCT_NAME = "$(TARGET_NAME)";
				TEST_HOST = "$(BUILT_PRODUCTS_DIR)/SearchBuddy.app/SearchBuddy";
			};
			name = Debug;
		};
		19229D481BBDA55600143F81 /* Release */ = {
			isa = XCBuildConfiguration;
			baseConfigurationReference = DE0AFD3261A2F89A3B283297 /* Pods-SearchBuddyTests.release.xcconfig */;
			buildSettings = {
				BUNDLE_LOADER = "$(TEST_HOST)";
				INFOPLIST_FILE = SearchBuddyTests/Info.plist;
				LD_RUNPATH_SEARCH_PATHS = "$(inherited) @executable_path/Frameworks @loader_path/Frameworks";
				PRODUCT_BUNDLE_IDENTIFIER = gh.SearchBuddyTests;
				PRODUCT_NAME = "$(TARGET_NAME)";
				TEST_HOST = "$(BUILT_PRODUCTS_DIR)/SearchBuddy.app/SearchBuddy";
			};
			name = Release;
		};
		19229D4A1BBDA55600143F81 /* Debug */ = {
			isa = XCBuildConfiguration;
			buildSettings = {
				INFOPLIST_FILE = SearchBuddyUITests/Info.plist;
				LD_RUNPATH_SEARCH_PATHS = "$(inherited) @executable_path/Frameworks @loader_path/Frameworks";
				PRODUCT_BUNDLE_IDENTIFIER = gh.SearchBuddyUITests;
				PRODUCT_NAME = "$(TARGET_NAME)";
				TEST_TARGET_NAME = SearchBuddy;
				USES_XCTRUNNER = YES;
			};
			name = Debug;
		};
		19229D4B1BBDA55600143F81 /* Release */ = {
			isa = XCBuildConfiguration;
			buildSettings = {
				INFOPLIST_FILE = SearchBuddyUITests/Info.plist;
				LD_RUNPATH_SEARCH_PATHS = "$(inherited) @executable_path/Frameworks @loader_path/Frameworks";
				PRODUCT_BUNDLE_IDENTIFIER = gh.SearchBuddyUITests;
				PRODUCT_NAME = "$(TARGET_NAME)";
				TEST_TARGET_NAME = SearchBuddy;
				USES_XCTRUNNER = YES;
			};
			name = Release;
		};
/* End XCBuildConfiguration section */

/* Begin XCConfigurationList section */
		19229D161BBDA55600143F81 /* Build configuration list for PBXProject "SearchBuddy" */ = {
			isa = XCConfigurationList;
			buildConfigurations = (
				19229D411BBDA55600143F81 /* Debug */,
				19229D421BBDA55600143F81 /* Release */,
			);
			defaultConfigurationIsVisible = 0;
			defaultConfigurationName = Release;
		};
		19229D431BBDA55600143F81 /* Build configuration list for PBXNativeTarget "SearchBuddy" */ = {
			isa = XCConfigurationList;
			buildConfigurations = (
				19229D441BBDA55600143F81 /* Debug */,
				19229D451BBDA55600143F81 /* Release */,
			);
			defaultConfigurationIsVisible = 0;
			defaultConfigurationName = Release;
		};
		19229D461BBDA55600143F81 /* Build configuration list for PBXNativeTarget "SearchBuddyTests" */ = {
			isa = XCConfigurationList;
			buildConfigurations = (
				19229D471BBDA55600143F81 /* Debug */,
				19229D481BBDA55600143F81 /* Release */,
			);
			defaultConfigurationIsVisible = 0;
			defaultConfigurationName = Release;
		};
		19229D491BBDA55600143F81 /* Build configuration list for PBXNativeTarget "SearchBuddyUITests" */ = {
			isa = XCConfigurationList;
			buildConfigurations = (
				19229D4A1BBDA55600143F81 /* Debug */,
				19229D4B1BBDA55600143F81 /* Release */,
			);
			defaultConfigurationIsVisible = 0;
			defaultConfigurationName = Release;
		};
/* End XCConfigurationList section */
	};
	rootObject = 19229D131BBDA55600143F81 /* Project object */;
}
