// !$*UTF8*$!
{
	archiveVersion = 1;
	classes = {
	};
	objectVersion = 46;
	objects = {

/* Begin PBXBuildFile section */
		10DE6DFB0C849181879F6A4F /* Pods_SearchBuddy.framework in Frameworks */ = {isa = PBXBuildFile; fileRef = 785A7800B65145638DDC654A /* Pods_SearchBuddy.framework */; settings = {ATTRIBUTES = (Weak, ); }; };
		1908EB9B1C0E2319004840C5 /* bepidLocation.gpx in Resources */ = {isa = PBXBuildFile; fileRef = 1908EB9A1C0E2319004840C5 /* bepidLocation.gpx */; };
		1908EB9F1C0E24D4004840C5 /* Teste.gpx in Resources */ = {isa = PBXBuildFile; fileRef = 1908EB9E1C0E24D4004840C5 /* Teste.gpx */; };
		190BA8671C07764F005978A4 /* BuscaLocalVC.swift in Sources */ = {isa = PBXBuildFile; fileRef = 190BA8661C07764F005978A4 /* BuscaLocalVC.swift */; };
		190ED49D1BED158C0067C1FB /* ProfileTableViewCell.swift in Sources */ = {isa = PBXBuildFile; fileRef = 190ED49C1BED158C0067C1FB /* ProfileTableViewCell.swift */; };
		190ED4A11BED323C0067C1FB /* add.png in Resources */ = {isa = PBXBuildFile; fileRef = 190ED4A01BED323C0067C1FB /* add.png */; };
		190ED4A51BF261A60067C1FB /* UIColor.swift in Sources */ = {isa = PBXBuildFile; fileRef = 190ED4A41BF261A60067C1FB /* UIColor.swift */; };
		1914E9FA1C037ED7000F0BE6 /* Presentation.storyboard in Resources */ = {isa = PBXBuildFile; fileRef = 1914E9F91C037ED7000F0BE6 /* Presentation.storyboard */; };
		19229D1F1BBDA55600143F81 /* AppDelegate.swift in Sources */ = {isa = PBXBuildFile; fileRef = 19229D1E1BBDA55600143F81 /* AppDelegate.swift */; };
		19229D211BBDA55600143F81 /* ViewController.swift in Sources */ = {isa = PBXBuildFile; fileRef = 19229D201BBDA55600143F81 /* ViewController.swift */; };
		19229D261BBDA55600143F81 /* Assets.xcassets in Resources */ = {isa = PBXBuildFile; fileRef = 19229D251BBDA55600143F81 /* Assets.xcassets */; };
		19229D291BBDA55600143F81 /* LaunchScreen.storyboard in Resources */ = {isa = PBXBuildFile; fileRef = 19229D271BBDA55600143F81 /* LaunchScreen.storyboard */; };
		19229D341BBDA55600143F81 /* SearchBuddyTests.swift in Sources */ = {isa = PBXBuildFile; fileRef = 19229D331BBDA55600143F81 /* SearchBuddyTests.swift */; };
		19229D3F1BBDA55600143F81 /* SearchBuddyUITests.swift in Sources */ = {isa = PBXBuildFile; fileRef = 19229D3E1BBDA55600143F81 /* SearchBuddyUITests.swift */; };
		19229D531BBDA60B00143F81 /* Map.storyboard in Resources */ = {isa = PBXBuildFile; fileRef = 19229D521BBDA60B00143F81 /* Map.storyboard */; };
		19229D551BBDA66100143F81 /* MapVC.swift in Sources */ = {isa = PBXBuildFile; fileRef = 19229D541BBDA66100143F81 /* MapVC.swift */; };
		19229D5E1BBDC6D900143F81 /* Annotation.swift in Sources */ = {isa = PBXBuildFile; fileRef = 19229D5D1BBDC6D900143F81 /* Annotation.swift */; };
		19229D601BBF024400143F81 /* Main.storyboard in Resources */ = {isa = PBXBuildFile; fileRef = 19229D5F1BBF024400143F81 /* Main.storyboard */; };
		19229D621BBF02A300143F81 /* MainTabBarVC.swift in Sources */ = {isa = PBXBuildFile; fileRef = 19229D611BBF02A300143F81 /* MainTabBarVC.swift */; };
		195F7C161BE29182008AF749 /* UserVC.swift in Sources */ = {isa = PBXBuildFile; fileRef = 195F7C151BE29182008AF749 /* UserVC.swift */; };
		19665D601BEA7E6000BC81E0 /* arches-945495_1920.jpg in Resources */ = {isa = PBXBuildFile; fileRef = 19665D5F1BEA7E6000BC81E0 /* arches-945495_1920.jpg */; };
		199721A71BF517D600C649AE /* dogA.ico in Resources */ = {isa = PBXBuildFile; fileRef = 199721A61BF517D600C649AE /* dogA.ico */; };
		410341E21BFA486F00527D48 /* ParseConvertion.swift in Sources */ = {isa = PBXBuildFile; fileRef = 410341E11BFA486F00527D48 /* ParseConvertion.swift */; };
		4160C95D1BBEECB100D837C2 /* StatusAnimalDAO.swift in Sources */ = {isa = PBXBuildFile; fileRef = 4160C95C1BBEECB100D837C2 /* StatusAnimalDAO.swift */; };
		4160C95F1BBEECD700D837C2 /* UserDAO.swift in Sources */ = {isa = PBXBuildFile; fileRef = 4160C95E1BBEECD700D837C2 /* UserDAO.swift */; };
		4160C9611BBEECE100D837C2 /* AnimalDAO.swift in Sources */ = {isa = PBXBuildFile; fileRef = 4160C9601BBEECE100D837C2 /* AnimalDAO.swift */; };
		4160C9631BBEECEA00D837C2 /* TypeAnimalDAO.swift in Sources */ = {isa = PBXBuildFile; fileRef = 4160C9621BBEECEA00D837C2 /* TypeAnimalDAO.swift */; };
		417CA5361BBEC55900C37AF1 /* SBDAO.swift in Sources */ = {isa = PBXBuildFile; fileRef = 417CA5351BBEC55900C37AF1 /* SBDAO.swift */; };
		417CA5381BBEC62400C37AF1 /* StatusAnimal.swift in Sources */ = {isa = PBXBuildFile; fileRef = 417CA5371BBEC62400C37AF1 /* StatusAnimal.swift */; };
		417CA53A1BBECA5900C37AF1 /* TypeAnimal.swift in Sources */ = {isa = PBXBuildFile; fileRef = 417CA5391BBECA5900C37AF1 /* TypeAnimal.swift */; };
		417CA53C1BBECD3100C37AF1 /* Animal.swift in Sources */ = {isa = PBXBuildFile; fileRef = 417CA53B1BBECD3100C37AF1 /* Animal.swift */; };
		417CA53E1BBED18E00C37AF1 /* User.swift in Sources */ = {isa = PBXBuildFile; fileRef = 417CA53D1BBED18E00C37AF1 /* User.swift */; };
		418E76DA1BE3D89600FDA20B /* RefreshContents.xib in Resources */ = {isa = PBXBuildFile; fileRef = 418E76D91BE3D89600FDA20B /* RefreshContents.xib */; };
		41A58B861BE286DD00793A96 /* Reachability.swift in Sources */ = {isa = PBXBuildFile; fileRef = 41A58B851BE286DD00793A96 /* Reachability.swift */; };
		41B9FCC61BFE3BBB00A89A05 /* Utilities.swift in Sources */ = {isa = PBXBuildFile; fileRef = 41B9FCC51BFE3BBB00A89A05 /* Utilities.swift */; };
		9340E6381BF25DB800D1F128 /* AnimalProfileTableViewCell.swift in Sources */ = {isa = PBXBuildFile; fileRef = 9340E6371BF25DB800D1F128 /* AnimalProfileTableViewCell.swift */; };
		934A588D1BF112EF00CF077E /* AnimalProfileVC.swift in Sources */ = {isa = PBXBuildFile; fileRef = 934A588C1BF112EF00CF077E /* AnimalProfileVC.swift */; };
		9373E0FC1BDFE8B700795EC6 /* AnimalProfile.storyboard in Resources */ = {isa = PBXBuildFile; fileRef = 9373E0FB1BDFE8B700795EC6 /* AnimalProfile.storyboard */; };
		9373E1001BDFF68800795EC6 /* AnimalVC.swift in Sources */ = {isa = PBXBuildFile; fileRef = 9373E0FF1BDFF68800795EC6 /* AnimalVC.swift */; };
		9373E1021BDFF72600795EC6 /* AnimalTableViewCell.swift in Sources */ = {isa = PBXBuildFile; fileRef = 9373E1011BDFF72600795EC6 /* AnimalTableViewCell.swift */; };
		9374333C1BC1AB7B00F0C7DF /* FeedTableViewCell.swift in Sources */ = {isa = PBXBuildFile; fileRef = 9374333B1BC1AB7B00F0C7DF /* FeedTableViewCell.swift */; };
		9374333E1BC1B97400F0C7DF /* FeedVC.swift in Sources */ = {isa = PBXBuildFile; fileRef = 9374333D1BC1B97400F0C7DF /* FeedVC.swift */; };
		93ACC45A1BF37781009C583A /* AnimalAboutTableViewCell.swift in Sources */ = {isa = PBXBuildFile; fileRef = 93ACC4571BF37781009C583A /* AnimalAboutTableViewCell.swift */; };
		93ACC45B1BF37781009C583A /* AnimalLocationTableViewCell.swift in Sources */ = {isa = PBXBuildFile; fileRef = 93ACC4581BF37781009C583A /* AnimalLocationTableViewCell.swift */; };
		93ACC45C1BF37781009C583A /* DescriptionTableViewCell.swift in Sources */ = {isa = PBXBuildFile; fileRef = 93ACC4591BF37781009C583A /* DescriptionTableViewCell.swift */; };
		93ACC45E1BF377C7009C583A /* AnimalOwnerTableViewCell.swift in Sources */ = {isa = PBXBuildFile; fileRef = 93ACC45D1BF377C7009C583A /* AnimalOwnerTableViewCell.swift */; };
		BB66764F1BBF0DDA00F3D7F9 /* Feed.storyboard in Resources */ = {isa = PBXBuildFile; fileRef = BB66764E1BBF0DDA00F3D7F9 /* Feed.storyboard */; };
		BBB7E2FE1C08E71B0088CC4A /* LoseAnimal.storyboard in Resources */ = {isa = PBXBuildFile; fileRef = BBB7E2FD1C08E71B0088CC4A /* LoseAnimal.storyboard */; };
		BBB7E3021C08EB230088CC4A /* LoseTableVC.swift in Sources */ = {isa = PBXBuildFile; fileRef = BBB7E3011C08EB230088CC4A /* LoseTableVC.swift */; };
		BBB7E3041C08EF260088CC4A /* LoseCellTableViewCell.swift in Sources */ = {isa = PBXBuildFile; fileRef = BBB7E3031C08EF260088CC4A /* LoseCellTableViewCell.swift */; };
		BBBD4A9D1BD67C360038E54D /* ProfileVC.swift in Sources */ = {isa = PBXBuildFile; fileRef = BBBD4A9C1BD67C360038E54D /* ProfileVC.swift */; };
		BBBD4A9F1BD67C760038E54D /* RegisterVC.swift in Sources */ = {isa = PBXBuildFile; fileRef = BBBD4A9E1BD67C760038E54D /* RegisterVC.swift */; };
		BBD7480B1BFE49D300A68DE4 /* Config.storyboard in Resources */ = {isa = PBXBuildFile; fileRef = BBD7480A1BFE49D300A68DE4 /* Config.storyboard */; };
		BBF1A0171C12226A0033C281 /* videoAbertura.mp4 in Resources */ = {isa = PBXBuildFile; fileRef = BBF1A0161C12226A0033C281 /* videoAbertura.mp4 */; };
		BBF1A0191C1229480033C281 /* GrandHotel-Regular.otf in Resources */ = {isa = PBXBuildFile; fileRef = BBF1A0181C1229480033C281 /* GrandHotel-Regular.otf */; };
		BBFA97B61BDAB6EF00A7897D /* PresentationVC.swift in Sources */ = {isa = PBXBuildFile; fileRef = BBFA97B51BDAB6EF00A7897D /* PresentationVC.swift */; };
		BBFF571D1BC59A4F00DBCEE6 /* FacebookParse.swift in Sources */ = {isa = PBXBuildFile; fileRef = BBFF571C1BC59A4F00DBCEE6 /* FacebookParse.swift */; };
		BBFF571F1BC59BC900DBCEE6 /* LoginVC.swift in Sources */ = {isa = PBXBuildFile; fileRef = BBFF571E1BC59BC900DBCEE6 /* LoginVC.swift */; };
		BBFF80791BD94A0200CB0BBB /* Profile.storyboard in Resources */ = {isa = PBXBuildFile; fileRef = BBFF80781BD94A0200CB0BBB /* Profile.storyboard */; };
		BBFF807B1BD9563400CB0BBB /* ConfigVC.swift in Sources */ = {isa = PBXBuildFile; fileRef = BBFF807A1BD9563400CB0BBB /* ConfigVC.swift */; };
		BFEF11C5C77A58C39961175C /* Pods_SearchBuddyTests.framework in Frameworks */ = {isa = PBXBuildFile; fileRef = 3090F107B224336BDFA0C548 /* Pods_SearchBuddyTests.framework */; settings = {ATTRIBUTES = (Weak, ); }; };
/* End PBXBuildFile section */

/* Begin PBXContainerItemProxy section */
		19229D301BBDA55600143F81 /* PBXContainerItemProxy */ = {
			isa = PBXContainerItemProxy;
			containerPortal = 19229D131BBDA55600143F81 /* Project object */;
			proxyType = 1;
			remoteGlobalIDString = 19229D1A1BBDA55600143F81;
			remoteInfo = SearchBuddy;
		};
		19229D3B1BBDA55600143F81 /* PBXContainerItemProxy */ = {
			isa = PBXContainerItemProxy;
			containerPortal = 19229D131BBDA55600143F81 /* Project object */;
			proxyType = 1;
			remoteGlobalIDString = 19229D1A1BBDA55600143F81;
			remoteInfo = SearchBuddy;
		};
/* End PBXContainerItemProxy section */

/* Begin PBXFileReference section */
		1908EB9A1C0E2319004840C5 /* bepidLocation.gpx */ = {isa = PBXFileReference; fileEncoding = 4; lastKnownFileType = text.xml; path = bepidLocation.gpx; sourceTree = "<group>"; };
		1908EB9E1C0E24D4004840C5 /* Teste.gpx */ = {isa = PBXFileReference; fileEncoding = 4; lastKnownFileType = text.xml; path = Teste.gpx; sourceTree = "<group>"; };
		190BA8661C07764F005978A4 /* BuscaLocalVC.swift */ = {isa = PBXFileReference; fileEncoding = 4; lastKnownFileType = sourcecode.swift; path = BuscaLocalVC.swift; sourceTree = "<group>"; };
		190ED49C1BED158C0067C1FB /* ProfileTableViewCell.swift */ = {isa = PBXFileReference; fileEncoding = 4; lastKnownFileType = sourcecode.swift; path = ProfileTableViewCell.swift; sourceTree = "<group>"; };
		190ED4A01BED323C0067C1FB /* add.png */ = {isa = PBXFileReference; lastKnownFileType = image.png; path = add.png; sourceTree = "<group>"; };
		190ED4A41BF261A60067C1FB /* UIColor.swift */ = {isa = PBXFileReference; fileEncoding = 4; lastKnownFileType = sourcecode.swift; path = UIColor.swift; sourceTree = "<group>"; };
		1914E9F91C037ED7000F0BE6 /* Presentation.storyboard */ = {isa = PBXFileReference; fileEncoding = 4; lastKnownFileType = file.storyboard; path = Presentation.storyboard; sourceTree = "<group>"; };
		19229D1B1BBDA55600143F81 /* SearchBuddy.app */ = {isa = PBXFileReference; explicitFileType = wrapper.application; includeInIndex = 0; path = SearchBuddy.app; sourceTree = BUILT_PRODUCTS_DIR; };
		19229D1E1BBDA55600143F81 /* AppDelegate.swift */ = {isa = PBXFileReference; lastKnownFileType = sourcecode.swift; path = AppDelegate.swift; sourceTree = "<group>"; };
		19229D201BBDA55600143F81 /* ViewController.swift */ = {isa = PBXFileReference; lastKnownFileType = sourcecode.swift; path = ViewController.swift; sourceTree = "<group>"; };
		19229D251BBDA55600143F81 /* Assets.xcassets */ = {isa = PBXFileReference; lastKnownFileType = folder.assetcatalog; path = Assets.xcassets; sourceTree = "<group>"; };
		19229D281BBDA55600143F81 /* Base */ = {isa = PBXFileReference; lastKnownFileType = file.storyboard; name = Base; path = Base.lproj/LaunchScreen.storyboard; sourceTree = "<group>"; };
		19229D2A1BBDA55600143F81 /* Info.plist */ = {isa = PBXFileReference; lastKnownFileType = text.plist.xml; path = Info.plist; sourceTree = "<group>"; };
		19229D2F1BBDA55600143F81 /* SearchBuddyTests.xctest */ = {isa = PBXFileReference; explicitFileType = wrapper.cfbundle; includeInIndex = 0; path = SearchBuddyTests.xctest; sourceTree = BUILT_PRODUCTS_DIR; };
		19229D331BBDA55600143F81 /* SearchBuddyTests.swift */ = {isa = PBXFileReference; lastKnownFileType = sourcecode.swift; path = SearchBuddyTests.swift; sourceTree = "<group>"; };
		19229D351BBDA55600143F81 /* Info.plist */ = {isa = PBXFileReference; lastKnownFileType = text.plist.xml; path = Info.plist; sourceTree = "<group>"; };
		19229D3A1BBDA55600143F81 /* SearchBuddyUITests.xctest */ = {isa = PBXFileReference; explicitFileType = wrapper.cfbundle; includeInIndex = 0; path = SearchBuddyUITests.xctest; sourceTree = BUILT_PRODUCTS_DIR; };
		19229D3E1BBDA55600143F81 /* SearchBuddyUITests.swift */ = {isa = PBXFileReference; lastKnownFileType = sourcecode.swift; path = SearchBuddyUITests.swift; sourceTree = "<group>"; };
		19229D401BBDA55600143F81 /* Info.plist */ = {isa = PBXFileReference; lastKnownFileType = text.plist.xml; path = Info.plist; sourceTree = "<group>"; };
		19229D521BBDA60B00143F81 /* Map.storyboard */ = {isa = PBXFileReference; fileEncoding = 4; lastKnownFileType = file.storyboard; path = Map.storyboard; sourceTree = "<group>"; };
		19229D541BBDA66100143F81 /* MapVC.swift */ = {isa = PBXFileReference; fileEncoding = 4; lastKnownFileType = sourcecode.swift; path = MapVC.swift; sourceTree = "<group>"; };
		19229D5D1BBDC6D900143F81 /* Annotation.swift */ = {isa = PBXFileReference; fileEncoding = 4; lastKnownFileType = sourcecode.swift; path = Annotation.swift; sourceTree = "<group>"; };
		19229D5F1BBF024400143F81 /* Main.storyboard */ = {isa = PBXFileReference; fileEncoding = 4; lastKnownFileType = file.storyboard; path = Main.storyboard; sourceTree = "<group>"; };
		19229D611BBF02A300143F81 /* MainTabBarVC.swift */ = {isa = PBXFileReference; fileEncoding = 4; lastKnownFileType = sourcecode.swift; path = MainTabBarVC.swift; sourceTree = "<group>"; };
		195F7C111BE13B08008AF749 /* dog.jpg */ = {isa = PBXFileReference; lastKnownFileType = image.jpeg; path = dog.jpg; sourceTree = "<group>"; };
		195F7C151BE29182008AF749 /* UserVC.swift */ = {isa = PBXFileReference; fileEncoding = 4; lastKnownFileType = sourcecode.swift; path = UserVC.swift; sourceTree = "<group>"; };
		19665D5F1BEA7E6000BC81E0 /* arches-945495_1920.jpg */ = {isa = PBXFileReference; lastKnownFileType = image.jpeg; path = "arches-945495_1920.jpg"; sourceTree = "<group>"; };
		199721A61BF517D600C649AE /* dogA.ico */ = {isa = PBXFileReference; lastKnownFileType = image.ico; path = dogA.ico; sourceTree = "<group>"; };
		3090F107B224336BDFA0C548 /* Pods_SearchBuddyTests.framework */ = {isa = PBXFileReference; explicitFileType = wrapper.framework; includeInIndex = 0; path = Pods_SearchBuddyTests.framework; sourceTree = BUILT_PRODUCTS_DIR; };
		410341E11BFA486F00527D48 /* ParseConvertion.swift */ = {isa = PBXFileReference; fileEncoding = 4; lastKnownFileType = sourcecode.swift; path = ParseConvertion.swift; sourceTree = "<group>"; };
		4160C95C1BBEECB100D837C2 /* StatusAnimalDAO.swift */ = {isa = PBXFileReference; fileEncoding = 4; lastKnownFileType = sourcecode.swift; path = StatusAnimalDAO.swift; sourceTree = "<group>"; };
		4160C95E1BBEECD700D837C2 /* UserDAO.swift */ = {isa = PBXFileReference; fileEncoding = 4; lastKnownFileType = sourcecode.swift; path = UserDAO.swift; sourceTree = "<group>"; };
		4160C9601BBEECE100D837C2 /* AnimalDAO.swift */ = {isa = PBXFileReference; fileEncoding = 4; lastKnownFileType = sourcecode.swift; path = AnimalDAO.swift; sourceTree = "<group>"; };
		4160C9621BBEECEA00D837C2 /* TypeAnimalDAO.swift */ = {isa = PBXFileReference; fileEncoding = 4; lastKnownFileType = sourcecode.swift; path = TypeAnimalDAO.swift; sourceTree = "<group>"; };
		417CA5351BBEC55900C37AF1 /* SBDAO.swift */ = {isa = PBXFileReference; fileEncoding = 4; lastKnownFileType = sourcecode.swift; path = SBDAO.swift; sourceTree = "<group>"; };
		417CA5371BBEC62400C37AF1 /* StatusAnimal.swift */ = {isa = PBXFileReference; fileEncoding = 4; lastKnownFileType = sourcecode.swift; path = StatusAnimal.swift; sourceTree = "<group>"; };
		417CA5391BBECA5900C37AF1 /* TypeAnimal.swift */ = {isa = PBXFileReference; fileEncoding = 4; lastKnownFileType = sourcecode.swift; path = TypeAnimal.swift; sourceTree = "<group>"; };
		417CA53B1BBECD3100C37AF1 /* Animal.swift */ = {isa = PBXFileReference; fileEncoding = 4; lastKnownFileType = sourcecode.swift; path = Animal.swift; sourceTree = "<group>"; };
		417CA53D1BBED18E00C37AF1 /* User.swift */ = {isa = PBXFileReference; fileEncoding = 4; lastKnownFileType = sourcecode.swift; path = User.swift; sourceTree = "<group>"; };
		418E76D91BE3D89600FDA20B /* RefreshContents.xib */ = {isa = PBXFileReference; fileEncoding = 4; lastKnownFileType = file.xib; path = RefreshContents.xib; sourceTree = "<group>"; };
		41A58B851BE286DD00793A96 /* Reachability.swift */ = {isa = PBXFileReference; fileEncoding = 4; lastKnownFileType = sourcecode.swift; path = Reachability.swift; sourceTree = "<group>"; };
		41B9FCC51BFE3BBB00A89A05 /* Utilities.swift */ = {isa = PBXFileReference; fileEncoding = 4; lastKnownFileType = sourcecode.swift; path = Utilities.swift; sourceTree = "<group>"; };
		431F059C386E18A89FCF4BCE /* Pods-SearchBuddy.debug.xcconfig */ = {isa = PBXFileReference; includeInIndex = 1; lastKnownFileType = text.xcconfig; name = "Pods-SearchBuddy.debug.xcconfig"; path = "Pods/Target Support Files/Pods-SearchBuddy/Pods-SearchBuddy.debug.xcconfig"; sourceTree = "<group>"; };
		785A7800B65145638DDC654A /* Pods_SearchBuddy.framework */ = {isa = PBXFileReference; explicitFileType = wrapper.framework; includeInIndex = 0; path = Pods_SearchBuddy.framework; sourceTree = BUILT_PRODUCTS_DIR; };
		9340E6371BF25DB800D1F128 /* AnimalProfileTableViewCell.swift */ = {isa = PBXFileReference; fileEncoding = 4; lastKnownFileType = sourcecode.swift; path = AnimalProfileTableViewCell.swift; sourceTree = "<group>"; };
		934A588C1BF112EF00CF077E /* AnimalProfileVC.swift */ = {isa = PBXFileReference; fileEncoding = 4; lastKnownFileType = sourcecode.swift; path = AnimalProfileVC.swift; sourceTree = "<group>"; };
		9373E0FB1BDFE8B700795EC6 /* AnimalProfile.storyboard */ = {isa = PBXFileReference; fileEncoding = 4; lastKnownFileType = file.storyboard; path = AnimalProfile.storyboard; sourceTree = "<group>"; };
		9373E0FF1BDFF68800795EC6 /* AnimalVC.swift */ = {isa = PBXFileReference; fileEncoding = 4; lastKnownFileType = sourcecode.swift; path = AnimalVC.swift; sourceTree = "<group>"; };
		9373E1011BDFF72600795EC6 /* AnimalTableViewCell.swift */ = {isa = PBXFileReference; fileEncoding = 4; lastKnownFileType = sourcecode.swift; path = AnimalTableViewCell.swift; sourceTree = "<group>"; };
		9374333B1BC1AB7B00F0C7DF /* FeedTableViewCell.swift */ = {isa = PBXFileReference; fileEncoding = 4; lastKnownFileType = sourcecode.swift; path = FeedTableViewCell.swift; sourceTree = "<group>"; };
		9374333D1BC1B97400F0C7DF /* FeedVC.swift */ = {isa = PBXFileReference; fileEncoding = 4; lastKnownFileType = sourcecode.swift; path = FeedVC.swift; sourceTree = "<group>"; };
		93ACC4571BF37781009C583A /* AnimalAboutTableViewCell.swift */ = {isa = PBXFileReference; fileEncoding = 4; lastKnownFileType = sourcecode.swift; path = AnimalAboutTableViewCell.swift; sourceTree = "<group>"; };
		93ACC4581BF37781009C583A /* AnimalLocationTableViewCell.swift */ = {isa = PBXFileReference; fileEncoding = 4; lastKnownFileType = sourcecode.swift; path = AnimalLocationTableViewCell.swift; sourceTree = "<group>"; };
		93ACC4591BF37781009C583A /* DescriptionTableViewCell.swift */ = {isa = PBXFileReference; fileEncoding = 4; lastKnownFileType = sourcecode.swift; path = DescriptionTableViewCell.swift; sourceTree = "<group>"; };
		93ACC45D1BF377C7009C583A /* AnimalOwnerTableViewCell.swift */ = {isa = PBXFileReference; fileEncoding = 4; lastKnownFileType = sourcecode.swift; path = AnimalOwnerTableViewCell.swift; sourceTree = "<group>"; };
		BB66764E1BBF0DDA00F3D7F9 /* Feed.storyboard */ = {isa = PBXFileReference; fileEncoding = 4; lastKnownFileType = file.storyboard; path = Feed.storyboard; sourceTree = "<group>"; };
		BBB7E2FD1C08E71B0088CC4A /* LoseAnimal.storyboard */ = {isa = PBXFileReference; fileEncoding = 4; lastKnownFileType = file.storyboard; path = LoseAnimal.storyboard; sourceTree = "<group>"; };
		BBB7E3011C08EB230088CC4A /* LoseTableVC.swift */ = {isa = PBXFileReference; fileEncoding = 4; lastKnownFileType = sourcecode.swift; path = LoseTableVC.swift; sourceTree = "<group>"; };
		BBB7E3031C08EF260088CC4A /* LoseCellTableViewCell.swift */ = {isa = PBXFileReference; fileEncoding = 4; lastKnownFileType = sourcecode.swift; path = LoseCellTableViewCell.swift; sourceTree = "<group>"; };
		BBBD4A9C1BD67C360038E54D /* ProfileVC.swift */ = {isa = PBXFileReference; fileEncoding = 4; lastKnownFileType = sourcecode.swift; path = ProfileVC.swift; sourceTree = "<group>"; };
		BBBD4A9E1BD67C760038E54D /* RegisterVC.swift */ = {isa = PBXFileReference; fileEncoding = 4; lastKnownFileType = sourcecode.swift; path = RegisterVC.swift; sourceTree = "<group>"; };
		BBD7480A1BFE49D300A68DE4 /* Config.storyboard */ = {isa = PBXFileReference; fileEncoding = 4; lastKnownFileType = file.storyboard; path = Config.storyboard; sourceTree = "<group>"; };
		BBF1A0161C12226A0033C281 /* videoAbertura.mp4 */ = {isa = PBXFileReference; lastKnownFileType = file; path = videoAbertura.mp4; sourceTree = "<group>"; };
		BBF1A0181C1229480033C281 /* GrandHotel-Regular.otf */ = {isa = PBXFileReference; lastKnownFileType = file; path = "GrandHotel-Regular.otf"; sourceTree = "<group>"; };
		BBFA97B51BDAB6EF00A7897D /* PresentationVC.swift */ = {isa = PBXFileReference; fileEncoding = 4; lastKnownFileType = sourcecode.swift; path = PresentationVC.swift; sourceTree = "<group>"; };
		BBFF571C1BC59A4F00DBCEE6 /* FacebookParse.swift */ = {isa = PBXFileReference; fileEncoding = 4; lastKnownFileType = sourcecode.swift; path = FacebookParse.swift; sourceTree = "<group>"; };
		BBFF571E1BC59BC900DBCEE6 /* LoginVC.swift */ = {isa = PBXFileReference; fileEncoding = 4; lastKnownFileType = sourcecode.swift; path = LoginVC.swift; sourceTree = "<group>"; };
		BBFF80781BD94A0200CB0BBB /* Profile.storyboard */ = {isa = PBXFileReference; fileEncoding = 4; lastKnownFileType = file.storyboard; path = Profile.storyboard; sourceTree = "<group>"; };
		BBFF807A1BD9563400CB0BBB /* ConfigVC.swift */ = {isa = PBXFileReference; fileEncoding = 4; lastKnownFileType = sourcecode.swift; path = ConfigVC.swift; sourceTree = "<group>"; };
		D01E436DB98E83578F0B791A /* Pods-SearchBuddy.release.xcconfig */ = {isa = PBXFileReference; includeInIndex = 1; lastKnownFileType = text.xcconfig; name = "Pods-SearchBuddy.release.xcconfig"; path = "Pods/Target Support Files/Pods-SearchBuddy/Pods-SearchBuddy.release.xcconfig"; sourceTree = "<group>"; };
		DE0AFD3261A2F89A3B283297 /* Pods-SearchBuddyTests.release.xcconfig */ = {isa = PBXFileReference; includeInIndex = 1; lastKnownFileType = text.xcconfig; name = "Pods-SearchBuddyTests.release.xcconfig"; path = "Pods/Target Support Files/Pods-SearchBuddyTests/Pods-SearchBuddyTests.release.xcconfig"; sourceTree = "<group>"; };
		FE331FD5FF735885DA5E804D /* Pods-SearchBuddyTests.debug.xcconfig */ = {isa = PBXFileReference; includeInIndex = 1; lastKnownFileType = text.xcconfig; name = "Pods-SearchBuddyTests.debug.xcconfig"; path = "Pods/Target Support Files/Pods-SearchBuddyTests/Pods-SearchBuddyTests.debug.xcconfig"; sourceTree = "<group>"; };
/* End PBXFileReference section */

/* Begin PBXFrameworksBuildPhase section */
		19229D181BBDA55600143F81 /* Frameworks */ = {
			isa = PBXFrameworksBuildPhase;
			buildActionMask = 2147483647;
			files = (
				10DE6DFB0C849181879F6A4F /* Pods_SearchBuddy.framework in Frameworks */,
			);
			runOnlyForDeploymentPostprocessing = 0;
		};
		19229D2C1BBDA55600143F81 /* Frameworks */ = {
			isa = PBXFrameworksBuildPhase;
			buildActionMask = 2147483647;
			files = (
				BFEF11C5C77A58C39961175C /* Pods_SearchBuddyTests.framework in Frameworks */,
			);
			runOnlyForDeploymentPostprocessing = 0;
		};
		19229D371BBDA55600143F81 /* Frameworks */ = {
			isa = PBXFrameworksBuildPhase;
			buildActionMask = 2147483647;
			files = (
			);
			runOnlyForDeploymentPostprocessing = 0;
		};
/* End PBXFrameworksBuildPhase section */

/* Begin PBXGroup section */
		16B697D97C1838548271955D /* Frameworks */ = {
			isa = PBXGroup;
			children = (
				785A7800B65145638DDC654A /* Pods_SearchBuddy.framework */,
				3090F107B224336BDFA0C548 /* Pods_SearchBuddyTests.framework */,
			);
			name = Frameworks;
			sourceTree = "<group>";
		};
		190ED4A31BF261890067C1FB /* Color */ = {
			isa = PBXGroup;
			children = (
				190ED4A41BF261A60067C1FB /* UIColor.swift */,
			);
			name = Color;
			sourceTree = "<group>";
		};
		19229D121BBDA55600143F81 = {
			isa = PBXGroup;
			children = (
				418E76D91BE3D89600FDA20B /* RefreshContents.xib */,
				19229D1D1BBDA55600143F81 /* SearchBuddy */,
				19229D321BBDA55600143F81 /* SearchBuddyTests */,
				19229D3D1BBDA55600143F81 /* SearchBuddyUITests */,
				19229D1C1BBDA55600143F81 /* Products */,
				49AD96A407B270585DBCBF75 /* Pods */,
				16B697D97C1838548271955D /* Frameworks */,
			);
			sourceTree = "<group>";
		};
		19229D1C1BBDA55600143F81 /* Products */ = {
			isa = PBXGroup;
			children = (
				19229D1B1BBDA55600143F81 /* SearchBuddy.app */,
				19229D2F1BBDA55600143F81 /* SearchBuddyTests.xctest */,
				19229D3A1BBDA55600143F81 /* SearchBuddyUITests.xctest */,
			);
			name = Products;
			sourceTree = "<group>";
		};
		19229D1D1BBDA55600143F81 /* SearchBuddy */ = {
			isa = PBXGroup;
			children = (
				199721A51BF517BB00C649AE /* images/media */,
				190ED4A31BF261890067C1FB /* Color */,
				41A58B871BE286E100793A96 /* Network */,
				9374333A1BC1AB6300F0C7DF /* View */,
				19229D561BBDC53600143F81 /* Services */,
				19229D511BBDA5F500143F81 /* StoryBoard */,
				19229D4E1BBDA56D00143F81 /* DAO */,
				19229D4D1BBDA56900143F81 /* Model */,
				19229D4C1BBDA56300143F81 /* Controllers */,
				19229D1E1BBDA55600143F81 /* AppDelegate.swift */,
				19229D251BBDA55600143F81 /* Assets.xcassets */,
				19229D271BBDA55600143F81 /* LaunchScreen.storyboard */,
				1908EB9A1C0E2319004840C5 /* bepidLocation.gpx */,
				1908EB9E1C0E24D4004840C5 /* Teste.gpx */,
				19229D2A1BBDA55600143F81 /* Info.plist */,
			);
			path = SearchBuddy;
			sourceTree = "<group>";
		};
		19229D321BBDA55600143F81 /* SearchBuddyTests */ = {
			isa = PBXGroup;
			children = (
				19229D331BBDA55600143F81 /* SearchBuddyTests.swift */,
				19229D351BBDA55600143F81 /* Info.plist */,
			);
			path = SearchBuddyTests;
			sourceTree = "<group>";
		};
		19229D3D1BBDA55600143F81 /* SearchBuddyUITests */ = {
			isa = PBXGroup;
			children = (
				19229D3E1BBDA55600143F81 /* SearchBuddyUITests.swift */,
				19229D401BBDA55600143F81 /* Info.plist */,
			);
			path = SearchBuddyUITests;
			sourceTree = "<group>";
		};
		19229D4C1BBDA56300143F81 /* Controllers */ = {
			isa = PBXGroup;
			children = (
				BBBD4A9B1BD67C1C0038E54D /* Config */,
				9374333D1BC1B97400F0C7DF /* FeedVC.swift */,
				19229D611BBF02A300143F81 /* MainTabBarVC.swift */,
				19229D541BBDA66100143F81 /* MapVC.swift */,
				BBBD4A9C1BD67C360038E54D /* ProfileVC.swift */,
				195F7C151BE29182008AF749 /* UserVC.swift */,
				9373E0FF1BDFF68800795EC6 /* AnimalVC.swift */,
				934A588C1BF112EF00CF077E /* AnimalProfileVC.swift */,
				190BA8661C07764F005978A4 /* BuscaLocalVC.swift */,
				19229D201BBDA55600143F81 /* ViewController.swift */,
				BBB7E3011C08EB230088CC4A /* LoseTableVC.swift */,
			);
			name = Controllers;
			sourceTree = "<group>";
		};
		19229D4D1BBDA56900143F81 /* Model */ = {
			isa = PBXGroup;
			children = (
				417CA53B1BBECD3100C37AF1 /* Animal.swift */,
				417CA5371BBEC62400C37AF1 /* StatusAnimal.swift */,
				417CA5391BBECA5900C37AF1 /* TypeAnimal.swift */,
				417CA53D1BBED18E00C37AF1 /* User.swift */,
			);
			name = Model;
			sourceTree = "<group>";
		};
		19229D4E1BBDA56D00143F81 /* DAO */ = {
			isa = PBXGroup;
			children = (
				4160C9601BBEECE100D837C2 /* AnimalDAO.swift */,
				417CA5351BBEC55900C37AF1 /* SBDAO.swift */,
				4160C95C1BBEECB100D837C2 /* StatusAnimalDAO.swift */,
				4160C9621BBEECEA00D837C2 /* TypeAnimalDAO.swift */,
				4160C95E1BBEECD700D837C2 /* UserDAO.swift */,
			);
			name = DAO;
			sourceTree = "<group>";
		};
		19229D511BBDA5F500143F81 /* StoryBoard */ = {
			isa = PBXGroup;
			children = (
				9373E0FB1BDFE8B700795EC6 /* AnimalProfile.storyboard */,
				BBD7480A1BFE49D300A68DE4 /* Config.storyboard */,
				BB66764E1BBF0DDA00F3D7F9 /* Feed.storyboard */,
				19229D5F1BBF024400143F81 /* Main.storyboard */,
				19229D521BBDA60B00143F81 /* Map.storyboard */,
				1914E9F91C037ED7000F0BE6 /* Presentation.storyboard */,
				BBFF80781BD94A0200CB0BBB /* Profile.storyboard */,
				BBB7E2FD1C08E71B0088CC4A /* LoseAnimal.storyboard */,
			);
			name = StoryBoard;
			sourceTree = "<group>";
		};
		19229D561BBDC53600143F81 /* Services */ = {
			isa = PBXGroup;
			children = (
				19229D5D1BBDC6D900143F81 /* Annotation.swift */,
				BBFF571C1BC59A4F00DBCEE6 /* FacebookParse.swift */,
				410341E11BFA486F00527D48 /* ParseConvertion.swift */,
				41B9FCC51BFE3BBB00A89A05 /* Utilities.swift */,
			);
			name = Services;
			sourceTree = "<group>";
		};
		199721A51BF517BB00C649AE /* images/media */ = {
			isa = PBXGroup;
			children = (
				BBF1A0181C1229480033C281 /* GrandHotel-Regular.otf */,
				BBF1A0161C12226A0033C281 /* videoAbertura.mp4 */,
				190ED4A01BED323C0067C1FB /* add.png */,
				199721A61BF517D600C649AE /* dogA.ico */,
				195F7C111BE13B08008AF749 /* dog.jpg */,
				19665D5F1BEA7E6000BC81E0 /* arches-945495_1920.jpg */,
			);
			name = images/media;
			sourceTree = "<group>";
		};
		41A58B871BE286E100793A96 /* Network */ = {
			isa = PBXGroup;
			children = (
				41A58B851BE286DD00793A96 /* Reachability.swift */,
			);
			name = Network;
			sourceTree = "<group>";
		};
		49AD96A407B270585DBCBF75 /* Pods */ = {
			isa = PBXGroup;
			children = (
				431F059C386E18A89FCF4BCE /* Pods-SearchBuddy.debug.xcconfig */,
				D01E436DB98E83578F0B791A /* Pods-SearchBuddy.release.xcconfig */,
				FE331FD5FF735885DA5E804D /* Pods-SearchBuddyTests.debug.xcconfig */,
				DE0AFD3261A2F89A3B283297 /* Pods-SearchBuddyTests.release.xcconfig */,
			);
			name = Pods;
			sourceTree = "<group>";
		};
		9374333A1BC1AB6300F0C7DF /* View */ = {
			isa = PBXGroup;
			children = (
				BBB7E3031C08EF260088CC4A /* LoseCellTableViewCell.swift */,
				93ACC4571BF37781009C583A /* AnimalAboutTableViewCell.swift */,
				93ACC4581BF37781009C583A /* AnimalLocationTableViewCell.swift */,
				93ACC4591BF37781009C583A /* DescriptionTableViewCell.swift */,
				9340E6371BF25DB800D1F128 /* AnimalProfileTableViewCell.swift */,
				93ACC45D1BF377C7009C583A /* AnimalOwnerTableViewCell.swift */,
				9373E1011BDFF72600795EC6 /* AnimalTableViewCell.swift */,
				190ED49C1BED158C0067C1FB /* ProfileTableViewCell.swift */,
				9374333B1BC1AB7B00F0C7DF /* FeedTableViewCell.swift */,
			);
			name = View;
			sourceTree = "<group>";
		};
		BBBD4A9B1BD67C1C0038E54D /* Config */ = {
			isa = PBXGroup;
			children = (
				BBFF571E1BC59BC900DBCEE6 /* LoginVC.swift */,
				BBFA97B51BDAB6EF00A7897D /* PresentationVC.swift */,
				BBBD4A9E1BD67C760038E54D /* RegisterVC.swift */,
				BBFF807A1BD9563400CB0BBB /* ConfigVC.swift */,
			);
			name = Config;
			sourceTree = "<group>";
		};
/* End PBXGroup section */

/* Begin PBXNativeTarget section */
		19229D1A1BBDA55600143F81 /* SearchBuddy */ = {
			isa = PBXNativeTarget;
			buildConfigurationList = 19229D431BBDA55600143F81 /* Build configuration list for PBXNativeTarget "SearchBuddy" */;
			buildPhases = (
				125AD13104BC94E5F307D4FA /* Check Pods Manifest.lock */,
				19229D171BBDA55600143F81 /* Sources */,
				19229D181BBDA55600143F81 /* Frameworks */,
				19229D191BBDA55600143F81 /* Resources */,
				3CBB0D222C0B1B4A67978D0A /* Embed Pods Frameworks */,
				2B4B552D553DDAC494E07BDA /* Copy Pods Resources */,
				BB1DADFD1BDF9FC9008223E7 /* ShellScript */,
			);
			buildRules = (
			);
			dependencies = (
			);
			name = SearchBuddy;
			productName = SearchBuddy;
			productReference = 19229D1B1BBDA55600143F81 /* SearchBuddy.app */;
			productType = "com.apple.product-type.application";
		};
		19229D2E1BBDA55600143F81 /* SearchBuddyTests */ = {
			isa = PBXNativeTarget;
			buildConfigurationList = 19229D461BBDA55600143F81 /* Build configuration list for PBXNativeTarget "SearchBuddyTests" */;
			buildPhases = (
				2C6034C1940CFF38D917C0D7 /* Check Pods Manifest.lock */,
				19229D2B1BBDA55600143F81 /* Sources */,
				19229D2C1BBDA55600143F81 /* Frameworks */,
				19229D2D1BBDA55600143F81 /* Resources */,
				F7FBA59526020C6BD5DDB6B2 /* Embed Pods Frameworks */,
				83AA727D4DE54C6C5B926075 /* Copy Pods Resources */,
			);
			buildRules = (
			);
			dependencies = (
				19229D311BBDA55600143F81 /* PBXTargetDependency */,
			);
			name = SearchBuddyTests;
			productName = SearchBuddyTests;
			productReference = 19229D2F1BBDA55600143F81 /* SearchBuddyTests.xctest */;
			productType = "com.apple.product-type.bundle.unit-test";
		};
		19229D391BBDA55600143F81 /* SearchBuddyUITests */ = {
			isa = PBXNativeTarget;
			buildConfigurationList = 19229D491BBDA55600143F81 /* Build configuration list for PBXNativeTarget "SearchBuddyUITests" */;
			buildPhases = (
				19229D361BBDA55600143F81 /* Sources */,
				19229D371BBDA55600143F81 /* Frameworks */,
				19229D381BBDA55600143F81 /* Resources */,
			);
			buildRules = (
			);
			dependencies = (
				19229D3C1BBDA55600143F81 /* PBXTargetDependency */,
			);
			name = SearchBuddyUITests;
			productName = SearchBuddyUITests;
			productReference = 19229D3A1BBDA55600143F81 /* SearchBuddyUITests.xctest */;
			productType = "com.apple.product-type.bundle.ui-testing";
		};
/* End PBXNativeTarget section */

/* Begin PBXProject section */
		19229D131BBDA55600143F81 /* Project object */ = {
			isa = PBXProject;
			attributes = {
				KnownAssetTags = (
					FeedVC,
				);
				LastUpgradeCheck = 0700;
				ORGANIZATIONNAME = "Gustavo Henrique";
				TargetAttributes = {
					19229D1A1BBDA55600143F81 = {
						CreatedOnToolsVersion = 7.0;
						DevelopmentTeam = 6BD69EF9D7;

					};
					19229D2E1BBDA55600143F81 = {
						CreatedOnToolsVersion = 7.0;
						TestTargetID = 19229D1A1BBDA55600143F81;
					};
					19229D391BBDA55600143F81 = {
						CreatedOnToolsVersion = 7.0;
						TestTargetID = 19229D1A1BBDA55600143F81;
					};
				};
			};
			buildConfigurationList = 19229D161BBDA55600143F81 /* Build configuration list for PBXProject "SearchBuddy" */;
			compatibilityVersion = "Xcode 3.2";
			developmentRegion = English;
			hasScannedForEncodings = 0;
			knownRegions = (
				en,
				Base,
			);
			mainGroup = 19229D121BBDA55600143F81;
			productRefGroup = 19229D1C1BBDA55600143F81 /* Products */;
			projectDirPath = "";
			projectRoot = "";
			targets = (
				19229D1A1BBDA55600143F81 /* SearchBuddy */,
				19229D2E1BBDA55600143F81 /* SearchBuddyTests */,
				19229D391BBDA55600143F81 /* SearchBuddyUITests */,
			);
		};
/* End PBXProject section */

/* Begin PBXResourcesBuildPhase section */
		19229D191BBDA55600143F81 /* Resources */ = {
			isa = PBXResourcesBuildPhase;
			buildActionMask = 2147483647;
			files = (
				19229D531BBDA60B00143F81 /* Map.storyboard in Resources */,
				19229D291BBDA55600143F81 /* LaunchScreen.storyboard in Resources */,
				1914E9FA1C037ED7000F0BE6 /* Presentation.storyboard in Resources */,
				199721A71BF517D600C649AE /* dogA.ico in Resources */,
				418E76DA1BE3D89600FDA20B /* RefreshContents.xib in Resources */,
				190ED4A11BED323C0067C1FB /* add.png in Resources */,
				BBF1A0191C1229480033C281 /* GrandHotel-Regular.otf in Resources */,
				9373E0FC1BDFE8B700795EC6 /* AnimalProfile.storyboard in Resources */,
				19665D601BEA7E6000BC81E0 /* arches-945495_1920.jpg in Resources */,
				BB66764F1BBF0DDA00F3D7F9 /* Feed.storyboard in Resources */,
				1908EB9F1C0E24D4004840C5 /* Teste.gpx in Resources */,
				19229D261BBDA55600143F81 /* Assets.xcassets in Resources */,
				1908EB9B1C0E2319004840C5 /* bepidLocation.gpx in Resources */,
				BBF1A0171C12226A0033C281 /* videoAbertura.mp4 in Resources */,
				BBD7480B1BFE49D300A68DE4 /* Config.storyboard in Resources */,
				BBFF80791BD94A0200CB0BBB /* Profile.storyboard in Resources */,
				BBB7E2FE1C08E71B0088CC4A /* LoseAnimal.storyboard in Resources */,
				19229D601BBF024400143F81 /* Main.storyboard in Resources */,
			);
			runOnlyForDeploymentPostprocessing = 0;
		};
		19229D2D1BBDA55600143F81 /* Resources */ = {
			isa = PBXResourcesBuildPhase;
			buildActionMask = 2147483647;
			files = (
			);
			runOnlyForDeploymentPostprocessing = 0;
		};
		19229D381BBDA55600143F81 /* Resources */ = {
			isa = PBXResourcesBuildPhase;
			buildActionMask = 2147483647;
			files = (
			);
			runOnlyForDeploymentPostprocessing = 0;
		};
/* End PBXResourcesBuildPhase section */

/* Begin PBXShellScriptBuildPhase section */
		125AD13104BC94E5F307D4FA /* Check Pods Manifest.lock */ = {
			isa = PBXShellScriptBuildPhase;
			buildActionMask = 2147483647;
			files = (
			);
			inputPaths = (
			);
			name = "Check Pods Manifest.lock";
			outputPaths = (
			);
			runOnlyForDeploymentPostprocessing = 0;
			shellPath = /bin/sh;
			shellScript = "diff \"${PODS_ROOT}/../Podfile.lock\" \"${PODS_ROOT}/Manifest.lock\" > /dev/null\nif [[ $? != 0 ]] ; then\n    cat << EOM\nerror: The sandbox is not in sync with the Podfile.lock. Run 'pod install' or update your CocoaPods installation.\nEOM\n    exit 1\nfi\n";
			showEnvVarsInLog = 0;
		};
		2B4B552D553DDAC494E07BDA /* Copy Pods Resources */ = {
			isa = PBXShellScriptBuildPhase;
			buildActionMask = 2147483647;
			files = (
			);
			inputPaths = (
			);
			name = "Copy Pods Resources";
			outputPaths = (
			);
			runOnlyForDeploymentPostprocessing = 0;
			shellPath = /bin/sh;
			shellScript = "\"${SRCROOT}/Pods/Target Support Files/Pods-SearchBuddy/Pods-SearchBuddy-resources.sh\"\n";
			showEnvVarsInLog = 0;
		};
		2C6034C1940CFF38D917C0D7 /* Check Pods Manifest.lock */ = {
			isa = PBXShellScriptBuildPhase;
			buildActionMask = 2147483647;
			files = (
			);
			inputPaths = (
			);
			name = "Check Pods Manifest.lock";
			outputPaths = (
			);
			runOnlyForDeploymentPostprocessing = 0;
			shellPath = /bin/sh;
			shellScript = "diff \"${PODS_ROOT}/../Podfile.lock\" \"${PODS_ROOT}/Manifest.lock\" > /dev/null\nif [[ $? != 0 ]] ; then\n    cat << EOM\nerror: The sandbox is not in sync with the Podfile.lock. Run 'pod install' or update your CocoaPods installation.\nEOM\n    exit 1\nfi\n";
			showEnvVarsInLog = 0;
		};
		3CBB0D222C0B1B4A67978D0A /* Embed Pods Frameworks */ = {
			isa = PBXShellScriptBuildPhase;
			buildActionMask = 2147483647;
			files = (
			);
			inputPaths = (
			);
			name = "Embed Pods Frameworks";
			outputPaths = (
			);
			runOnlyForDeploymentPostprocessing = 0;
			shellPath = /bin/sh;
			shellScript = "\"${SRCROOT}/Pods/Target Support Files/Pods-SearchBuddy/Pods-SearchBuddy-frameworks.sh\"\n";
			showEnvVarsInLog = 0;
		};
		83AA727D4DE54C6C5B926075 /* Copy Pods Resources */ = {
			isa = PBXShellScriptBuildPhase;
			buildActionMask = 2147483647;
			files = (
			);
			inputPaths = (
			);
			name = "Copy Pods Resources";
			outputPaths = (
			);
			runOnlyForDeploymentPostprocessing = 0;
			shellPath = /bin/sh;
			shellScript = "\"${SRCROOT}/Pods/Target Support Files/Pods-SearchBuddyTests/Pods-SearchBuddyTests-resources.sh\"\n";
			showEnvVarsInLog = 0;
		};
		BB1DADFD1BDF9FC9008223E7 /* ShellScript */ = {
			isa = PBXShellScriptBuildPhase;
			buildActionMask = 2147483647;
			files = (
			);
			inputPaths = (
			);
			outputPaths = (
			);
			runOnlyForDeploymentPostprocessing = 0;
			shellPath = /bin/sh;
			shellScript = "";
		};
		F7FBA59526020C6BD5DDB6B2 /* Embed Pods Frameworks */ = {
			isa = PBXShellScriptBuildPhase;
			buildActionMask = 2147483647;
			files = (
			);
			inputPaths = (
			);
			name = "Embed Pods Frameworks";
			outputPaths = (
			);
			runOnlyForDeploymentPostprocessing = 0;
			shellPath = /bin/sh;
			shellScript = "\"${SRCROOT}/Pods/Target Support Files/Pods-SearchBuddyTests/Pods-SearchBuddyTests-frameworks.sh\"\n";
			showEnvVarsInLog = 0;
		};
/* End PBXShellScriptBuildPhase section */

/* Begin PBXSourcesBuildPhase section */
		19229D171BBDA55600143F81 /* Sources */ = {
			isa = PBXSourcesBuildPhase;
			buildActionMask = 2147483647;
			files = (
				19229D211BBDA55600143F81 /* ViewController.swift in Sources */,
				190ED4A51BF261A60067C1FB /* UIColor.swift in Sources */,
				BBB7E3021C08EB230088CC4A /* LoseTableVC.swift in Sources */,
				417CA53C1BBECD3100C37AF1 /* Animal.swift in Sources */,
				9373E1001BDFF68800795EC6 /* AnimalVC.swift in Sources */,
				190ED49D1BED158C0067C1FB /* ProfileTableViewCell.swift in Sources */,
				19229D551BBDA66100143F81 /* MapVC.swift in Sources */,
				41B9FCC61BFE3BBB00A89A05 /* Utilities.swift in Sources */,
				BBBD4A9D1BD67C360038E54D /* ProfileVC.swift in Sources */,
				19229D5E1BBDC6D900143F81 /* Annotation.swift in Sources */,
				BBFF571D1BC59A4F00DBCEE6 /* FacebookParse.swift in Sources */,
				9374333E1BC1B97400F0C7DF /* FeedVC.swift in Sources */,
				195F7C161BE29182008AF749 /* UserVC.swift in Sources */,
				417CA5381BBEC62400C37AF1 /* StatusAnimal.swift in Sources */,
				93ACC45B1BF37781009C583A /* AnimalLocationTableViewCell.swift in Sources */,
				9373E1021BDFF72600795EC6 /* AnimalTableViewCell.swift in Sources */,
				417CA53E1BBED18E00C37AF1 /* User.swift in Sources */,
				BBBD4A9F1BD67C760038E54D /* RegisterVC.swift in Sources */,
				934A588D1BF112EF00CF077E /* AnimalProfileVC.swift in Sources */,
				4160C95D1BBEECB100D837C2 /* StatusAnimalDAO.swift in Sources */,
				BBB7E3041C08EF260088CC4A /* LoseCellTableViewCell.swift in Sources */,
				BBFF807B1BD9563400CB0BBB /* ConfigVC.swift in Sources */,
				410341E21BFA486F00527D48 /* ParseConvertion.swift in Sources */,
				93ACC45C1BF37781009C583A /* DescriptionTableViewCell.swift in Sources */,
				93ACC45E1BF377C7009C583A /* AnimalOwnerTableViewCell.swift in Sources */,
				417CA5361BBEC55900C37AF1 /* SBDAO.swift in Sources */,
				9374333C1BC1AB7B00F0C7DF /* FeedTableViewCell.swift in Sources */,
				BBFA97B61BDAB6EF00A7897D /* PresentationVC.swift in Sources */,
				41A58B861BE286DD00793A96 /* Reachability.swift in Sources */,
				4160C9631BBEECEA00D837C2 /* TypeAnimalDAO.swift in Sources */,
				BBFF571F1BC59BC900DBCEE6 /* LoginVC.swift in Sources */,
				4160C9611BBEECE100D837C2 /* AnimalDAO.swift in Sources */,
				4160C95F1BBEECD700D837C2 /* UserDAO.swift in Sources */,
				19229D621BBF02A300143F81 /* MainTabBarVC.swift in Sources */,
				19229D1F1BBDA55600143F81 /* AppDelegate.swift in Sources */,
				190BA8671C07764F005978A4 /* BuscaLocalVC.swift in Sources */,
				93ACC45A1BF37781009C583A /* AnimalAboutTableViewCell.swift in Sources */,
				417CA53A1BBECA5900C37AF1 /* TypeAnimal.swift in Sources */,
				9340E6381BF25DB800D1F128 /* AnimalProfileTableViewCell.swift in Sources */,
			);
			runOnlyForDeploymentPostprocessing = 0;
		};
		19229D2B1BBDA55600143F81 /* Sources */ = {
			isa = PBXSourcesBuildPhase;
			buildActionMask = 2147483647;
			files = (
				19229D341BBDA55600143F81 /* SearchBuddyTests.swift in Sources */,
			);
			runOnlyForDeploymentPostprocessing = 0;
		};
		19229D361BBDA55600143F81 /* Sources */ = {
			isa = PBXSourcesBuildPhase;
			buildActionMask = 2147483647;
			files = (
				19229D3F1BBDA55600143F81 /* SearchBuddyUITests.swift in Sources */,
			);
			runOnlyForDeploymentPostprocessing = 0;
		};
/* End PBXSourcesBuildPhase section */

/* Begin PBXTargetDependency section */
		19229D311BBDA55600143F81 /* PBXTargetDependency */ = {
			isa = PBXTargetDependency;
			target = 19229D1A1BBDA55600143F81 /* SearchBuddy */;
			targetProxy = 19229D301BBDA55600143F81 /* PBXContainerItemProxy */;
		};
		19229D3C1BBDA55600143F81 /* PBXTargetDependency */ = {
			isa = PBXTargetDependency;
			target = 19229D1A1BBDA55600143F81 /* SearchBuddy */;
			targetProxy = 19229D3B1BBDA55600143F81 /* PBXContainerItemProxy */;
		};
/* End PBXTargetDependency section */

/* Begin PBXVariantGroup section */
		19229D271BBDA55600143F81 /* LaunchScreen.storyboard */ = {
			isa = PBXVariantGroup;
			children = (
				19229D281BBDA55600143F81 /* Base */,
			);
			name = LaunchScreen.storyboard;
			sourceTree = "<group>";
		};
/* End PBXVariantGroup section */

/* Begin XCBuildConfiguration section */
		19229D411BBDA55600143F81 /* Debug */ = {
			isa = XCBuildConfiguration;
			buildSettings = {
				ALWAYS_SEARCH_USER_PATHS = NO;
				CLANG_CXX_LANGUAGE_STANDARD = "gnu++0x";
				CLANG_CXX_LIBRARY = "libc++";
				CLANG_ENABLE_MODULES = YES;
				CLANG_ENABLE_OBJC_ARC = YES;
				CLANG_WARN_BOOL_CONVERSION = YES;
				CLANG_WARN_CONSTANT_CONVERSION = YES;
				CLANG_WARN_DIRECT_OBJC_ISA_USAGE = YES_ERROR;
				CLANG_WARN_EMPTY_BODY = YES;
				CLANG_WARN_ENUM_CONVERSION = YES;
				CLANG_WARN_INT_CONVERSION = YES;
				CLANG_WARN_OBJC_ROOT_CLASS = YES_ERROR;
				CLANG_WARN_UNREACHABLE_CODE = YES;
				CLANG_WARN__DUPLICATE_METHOD_MATCH = YES;
				"CODE_SIGN_IDENTITY[sdk=iphoneos*]" = "iPhone Developer";
				COPY_PHASE_STRIP = NO;
				DEBUG_INFORMATION_FORMAT = dwarf;
				ENABLE_STRICT_OBJC_MSGSEND = YES;
				ENABLE_TESTABILITY = YES;
				GCC_C_LANGUAGE_STANDARD = gnu99;
				GCC_DYNAMIC_NO_PIC = NO;
				GCC_NO_COMMON_BLOCKS = YES;
				GCC_OPTIMIZATION_LEVEL = 0;
				GCC_PREPROCESSOR_DEFINITIONS = (
					"DEBUG=1",
					"$(inherited)",
				);
				GCC_WARN_64_TO_32_BIT_CONVERSION = YES;
				GCC_WARN_ABOUT_RETURN_TYPE = YES_ERROR;
				GCC_WARN_UNDECLARED_SELECTOR = YES;
				GCC_WARN_UNINITIALIZED_AUTOS = YES_AGGRESSIVE;
				GCC_WARN_UNUSED_FUNCTION = YES;
				GCC_WARN_UNUSED_VARIABLE = YES;
				IPHONEOS_DEPLOYMENT_TARGET = 9.0;
				MTL_ENABLE_DEBUG_INFO = YES;
				ONLY_ACTIVE_ARCH = YES;
				SDKROOT = iphoneos;
				SWIFT_OPTIMIZATION_LEVEL = "-Onone";
				TARGETED_DEVICE_FAMILY = "1,2";
			};
			name = Debug;
		};
		19229D421BBDA55600143F81 /* Release */ = {
			isa = XCBuildConfiguration;
			buildSettings = {
				ALWAYS_SEARCH_USER_PATHS = NO;
				CLANG_CXX_LANGUAGE_STANDARD = "gnu++0x";
				CLANG_CXX_LIBRARY = "libc++";
				CLANG_ENABLE_MODULES = YES;
				CLANG_ENABLE_OBJC_ARC = YES;
				CLANG_WARN_BOOL_CONVERSION = YES;
				CLANG_WARN_CONSTANT_CONVERSION = YES;
				CLANG_WARN_DIRECT_OBJC_ISA_USAGE = YES_ERROR;
				CLANG_WARN_EMPTY_BODY = YES;
				CLANG_WARN_ENUM_CONVERSION = YES;
				CLANG_WARN_INT_CONVERSION = YES;
				CLANG_WARN_OBJC_ROOT_CLASS = YES_ERROR;
				CLANG_WARN_UNREACHABLE_CODE = YES;
				CLANG_WARN__DUPLICATE_METHOD_MATCH = YES;
				"CODE_SIGN_IDENTITY[sdk=iphoneos*]" = "iPhone Developer";
				COPY_PHASE_STRIP = NO;
				DEBUG_INFORMATION_FORMAT = "dwarf-with-dsym";
				ENABLE_NS_ASSERTIONS = NO;
				ENABLE_STRICT_OBJC_MSGSEND = YES;
				GCC_C_LANGUAGE_STANDARD = gnu99;
				GCC_NO_COMMON_BLOCKS = YES;
				GCC_WARN_64_TO_32_BIT_CONVERSION = YES;
				GCC_WARN_ABOUT_RETURN_TYPE = YES_ERROR;
				GCC_WARN_UNDECLARED_SELECTOR = YES;
				GCC_WARN_UNINITIALIZED_AUTOS = YES_AGGRESSIVE;
				GCC_WARN_UNUSED_FUNCTION = YES;
				GCC_WARN_UNUSED_VARIABLE = YES;
				IPHONEOS_DEPLOYMENT_TARGET = 9.0;
				MTL_ENABLE_DEBUG_INFO = NO;
				SDKROOT = iphoneos;
				TARGETED_DEVICE_FAMILY = "1,2";
				VALIDATE_PRODUCT = YES;
			};
			name = Release;
		};
		19229D441BBDA55600143F81 /* Debug */ = {
			isa = XCBuildConfiguration;
			baseConfigurationReference = 431F059C386E18A89FCF4BCE /* Pods-SearchBuddy.debug.xcconfig */;
			buildSettings = {
				ASSETCATALOG_COMPILER_APPICON_NAME = AppIcon;
				CODE_SIGN_IDENTITY = "iPhone Developer";
				"CODE_SIGN_IDENTITY[sdk=iphoneos*]" = "iPhone Developer";
				INFOPLIST_FILE = SearchBuddy/Info.plist;
				LD_RUNPATH_SEARCH_PATHS = "$(inherited) @executable_path/Frameworks";
				PRODUCT_BUNDLE_IDENTIFIER = gh.SearchBuddy;
				PRODUCT_NAME = "$(TARGET_NAME)";
				PROVISIONING_PROFILE = "";
			};
			name = Debug;
		};
		19229D451BBDA55600143F81 /* Release */ = {
			isa = XCBuildConfiguration;
			baseConfigurationReference = D01E436DB98E83578F0B791A /* Pods-SearchBuddy.release.xcconfig */;
			buildSettings = {
				ASSETCATALOG_COMPILER_APPICON_NAME = AppIcon;
				CODE_SIGN_IDENTITY = "iPhone Developer";
				"CODE_SIGN_IDENTITY[sdk=iphoneos*]" = "iPhone Developer";
				INFOPLIST_FILE = SearchBuddy/Info.plist;
				LD_RUNPATH_SEARCH_PATHS = "$(inherited) @executable_path/Frameworks";
				PRODUCT_BUNDLE_IDENTIFIER = gh.SearchBuddy;
				PRODUCT_NAME = "$(TARGET_NAME)";
				PROVISIONING_PROFILE = "";
			};
			name = Release;
		};
		19229D471BBDA55600143F81 /* Debug */ = {
			isa = XCBuildConfiguration;
			baseConfigurationReference = FE331FD5FF735885DA5E804D /* Pods-SearchBuddyTests.debug.xcconfig */;
			buildSettings = {
				BUNDLE_LOADER = "$(TEST_HOST)";
				INFOPLIST_FILE = SearchBuddyTests/Info.plist;
				LD_RUNPATH_SEARCH_PATHS = "$(inherited) @executable_path/Frameworks @loader_path/Frameworks";
				PRODUCT_BUNDLE_IDENTIFIER = gh.SearchBuddyTests;
				PRODUCT_NAME = "$(TARGET_NAME)";
				TEST_HOST = "$(BUILT_PRODUCTS_DIR)/SearchBuddy.app/SearchBuddy";
			};
			name = Debug;
		};
		19229D481BBDA55600143F81 /* Release */ = {
			isa = XCBuildConfiguration;
			baseConfigurationReference = DE0AFD3261A2F89A3B283297 /* Pods-SearchBuddyTests.release.xcconfig */;
			buildSettings = {
				BUNDLE_LOADER = "$(TEST_HOST)";
				INFOPLIST_FILE = SearchBuddyTests/Info.plist;
				LD_RUNPATH_SEARCH_PATHS = "$(inherited) @executable_path/Frameworks @loader_path/Frameworks";
				PRODUCT_BUNDLE_IDENTIFIER = gh.SearchBuddyTests;
				PRODUCT_NAME = "$(TARGET_NAME)";
				TEST_HOST = "$(BUILT_PRODUCTS_DIR)/SearchBuddy.app/SearchBuddy";
			};
			name = Release;
		};
		19229D4A1BBDA55600143F81 /* Debug */ = {
			isa = XCBuildConfiguration;
			buildSettings = {
				INFOPLIST_FILE = SearchBuddyUITests/Info.plist;
				LD_RUNPATH_SEARCH_PATHS = "$(inherited) @executable_path/Frameworks @loader_path/Frameworks";
				PRODUCT_BUNDLE_IDENTIFIER = gh.SearchBuddyUITests;
				PRODUCT_NAME = "$(TARGET_NAME)";
				TEST_TARGET_NAME = SearchBuddy;
				USES_XCTRUNNER = YES;
			};
			name = Debug;
		};
		19229D4B1BBDA55600143F81 /* Release */ = {
			isa = XCBuildConfiguration;
			buildSettings = {
				INFOPLIST_FILE = SearchBuddyUITests/Info.plist;
				LD_RUNPATH_SEARCH_PATHS = "$(inherited) @executable_path/Frameworks @loader_path/Frameworks";
				PRODUCT_BUNDLE_IDENTIFIER = gh.SearchBuddyUITests;
				PRODUCT_NAME = "$(TARGET_NAME)";
				TEST_TARGET_NAME = SearchBuddy;
				USES_XCTRUNNER = YES;
			};
			name = Release;
		};
/* End XCBuildConfiguration section */

/* Begin XCConfigurationList section */
		19229D161BBDA55600143F81 /* Build configuration list for PBXProject "SearchBuddy" */ = {
			isa = XCConfigurationList;
			buildConfigurations = (
				19229D411BBDA55600143F81 /* Debug */,
				19229D421BBDA55600143F81 /* Release */,
			);
			defaultConfigurationIsVisible = 0;
			defaultConfigurationName = Release;
		};
		19229D431BBDA55600143F81 /* Build configuration list for PBXNativeTarget "SearchBuddy" */ = {
			isa = XCConfigurationList;
			buildConfigurations = (
				19229D441BBDA55600143F81 /* Debug */,
				19229D451BBDA55600143F81 /* Release */,
			);
			defaultConfigurationIsVisible = 0;
			defaultConfigurationName = Release;
		};
		19229D461BBDA55600143F81 /* Build configuration list for PBXNativeTarget "SearchBuddyTests" */ = {
			isa = XCConfigurationList;
			buildConfigurations = (
				19229D471BBDA55600143F81 /* Debug */,
				19229D481BBDA55600143F81 /* Release */,
			);
			defaultConfigurationIsVisible = 0;
			defaultConfigurationName = Release;
		};
		19229D491BBDA55600143F81 /* Build configuration list for PBXNativeTarget "SearchBuddyUITests" */ = {
			isa = XCConfigurationList;
			buildConfigurations = (
				19229D4A1BBDA55600143F81 /* Debug */,
				19229D4B1BBDA55600143F81 /* Release */,
			);
			defaultConfigurationIsVisible = 0;
			defaultConfigurationName = Release;
		};
/* End XCConfigurationList section */
	};
	rootObject = 19229D131BBDA55600143F81 /* Project object */;
}
